// !$*UTF8*$!
{
	archiveVersion = 1;
	classes = {
	};
	objectVersion = 46;
	objects = {

/* Begin PBXBuildFile section */
		1A82F5FB169AC92500C4B13A /* libsqlite3.dylib in Frameworks */ = {isa = PBXBuildFile; fileRef = 1A82F5FA169AC92500C4B13A /* libsqlite3.dylib */; };
		502380DC17EBB88200990C9B /* libcurl.dylib in Frameworks */ = {isa = PBXBuildFile; fileRef = 502380DB17EBB88200990C9B /* libcurl.dylib */; };
		509D4A8817EBB24E00697056 /* libsqlite3.dylib in Frameworks */ = {isa = PBXBuildFile; fileRef = 1A82F5FA169AC92500C4B13A /* libsqlite3.dylib */; };
		509D4A8917EBB24E00697056 /* libz.dylib in Frameworks */ = {isa = PBXBuildFile; fileRef = D454520B156E22BD00887EB5 /* libz.dylib */; };
		509D4A8A17EBB24E00697056 /* QuartzCore.framework in Frameworks */ = {isa = PBXBuildFile; fileRef = A92275411517C094001B78AA /* QuartzCore.framework */; };
		509D4A8C17EBB24E00697056 /* OpenAL.framework in Frameworks */ = {isa = PBXBuildFile; fileRef = A92275451517C094001B78AA /* OpenAL.framework */; };
		509D4A8D17EBB24E00697056 /* AudioToolbox.framework in Frameworks */ = {isa = PBXBuildFile; fileRef = A92275471517C094001B78AA /* AudioToolbox.framework */; };
		509D4A8E17EBB24E00697056 /* AVFoundation.framework in Frameworks */ = {isa = PBXBuildFile; fileRef = A92275491517C094001B78AA /* AVFoundation.framework */; };
		509D4A9017EBB24E00697056 /* Foundation.framework in Frameworks */ = {isa = PBXBuildFile; fileRef = A922754D1517C094001B78AA /* Foundation.framework */; };
		509D4A9117EBB24E00697056 /* CoreGraphics.framework in Frameworks */ = {isa = PBXBuildFile; fileRef = A922754F1517C094001B78AA /* CoreGraphics.framework */; };
		509D4AE717EBB81800697056 /* OpenGL.framework in Frameworks */ = {isa = PBXBuildFile; fileRef = 509D4AE617EBB81800697056 /* OpenGL.framework */; };
		509D4AE917EBB82000697056 /* AppKit.framework in Frameworks */ = {isa = PBXBuildFile; fileRef = 509D4AE817EBB82000697056 /* AppKit.framework */; };
		509D4AEB17EBB82600697056 /* IOKit.framework in Frameworks */ = {isa = PBXBuildFile; fileRef = 509D4AEA17EBB82600697056 /* IOKit.framework */; };
		7822CCFD1AB6D54600FBE746 /* Chartboosts.mm in Sources */ = {isa = PBXBuildFile; fileRef = 7822CCFC1AB6D54600FBE746 /* Chartboosts.mm */; };
		7823FBB51ABDB57400447F0A /* Batch.bundle in Resources */ = {isa = PBXBuildFile; fileRef = 7823FBB31ABDB57400447F0A /* Batch.bundle */; };
		7823FBBD1ABDBF0B00447F0A /* UIKit.framework in Frameworks */ = {isa = PBXBuildFile; fileRef = 7823FBBC1ABDBF0B00447F0A /* UIKit.framework */; };
		7823FBC41ABDBF9500447F0A /* libsqlite3.dylib in Frameworks */ = {isa = PBXBuildFile; fileRef = 7823FBC31ABDBF9500447F0A /* libsqlite3.dylib */; };
		7823FBC61ABDC0F900447F0A /* Batchcom.mm in Sources */ = {isa = PBXBuildFile; fileRef = 7823FBC51ABDC0F900447F0A /* Batchcom.mm */; };
		7823FBC71ABDC10F00447F0A /* Batch.framework in Frameworks */ = {isa = PBXBuildFile; fileRef = 7823FBB41ABDB57400447F0A /* Batch.framework */; };
		7828A0451A1F7E9A0079492B /* cocos2d-tooflya-sdk in Resources */ = {isa = PBXBuildFile; fileRef = 7828A0441A1F7E9A0079492B /* cocos2d-tooflya-sdk */; };
		7828A0461A1F7E9A0079492B /* cocos2d-tooflya-sdk in Resources */ = {isa = PBXBuildFile; fileRef = 7828A0441A1F7E9A0079492B /* cocos2d-tooflya-sdk */; };
		7828A09D1A1F870D0079492B /* AppDelegate.cpp in Sources */ = {isa = PBXBuildFile; fileRef = 7828A09B1A1F870D0079492B /* AppDelegate.cpp */; };
		7828A09E1A1F870D0079492B /* AppDelegate.cpp in Sources */ = {isa = PBXBuildFile; fileRef = 7828A09B1A1F870D0079492B /* AppDelegate.cpp */; };
		7828A0AF1A1F87BA0079492B /* main.cpp in Sources */ = {isa = PBXBuildFile; fileRef = 7828A0A71A1F87BA0079492B /* main.cpp */; };
		784222D41A0A5D6800CDC2F5 /* resource in Resources */ = {isa = PBXBuildFile; fileRef = 784222D01A0A5D6800CDC2F5 /* resource */; };
		784222D51A0A5D6800CDC2F5 /* resource in Resources */ = {isa = PBXBuildFile; fileRef = 784222D01A0A5D6800CDC2F5 /* resource */; };
		784222D61A0A5D6800CDC2F5 /* sources in Resources */ = {isa = PBXBuildFile; fileRef = 784222D11A0A5D6800CDC2F5 /* sources */; };
		784222D71A0A5D6800CDC2F5 /* sources in Resources */ = {isa = PBXBuildFile; fileRef = 784222D11A0A5D6800CDC2F5 /* sources */; };
		784222D81A0A5D6800CDC2F5 /* main.js in Resources */ = {isa = PBXBuildFile; fileRef = 784222D21A0A5D6800CDC2F5 /* main.js */; };
		784222D91A0A5D6800CDC2F5 /* main.js in Resources */ = {isa = PBXBuildFile; fileRef = 784222D21A0A5D6800CDC2F5 /* main.js */; };
		784222DA1A0A5D6800CDC2F5 /* project.json in Resources */ = {isa = PBXBuildFile; fileRef = 784222D31A0A5D6800CDC2F5 /* project.json */; };
		784222DB1A0A5D6800CDC2F5 /* project.json in Resources */ = {isa = PBXBuildFile; fileRef = 784222D31A0A5D6800CDC2F5 /* project.json */; };
		78454D261AE9B22100C9E0FB /* Security.framework in Frameworks */ = {isa = PBXBuildFile; fileRef = 78454D251AE9B22100C9E0FB /* Security.framework */; };
		784552161AB1CB5100C11E71 /* Chartboost.framework in Frameworks */ = {isa = PBXBuildFile; fileRef = 784552151AB1CB5100C11E71 /* Chartboost.framework */; };
		7847CDF41AB184820014E3F3 /* Admob.mm in Sources */ = {isa = PBXBuildFile; fileRef = 7847CDE21AB184820014E3F3 /* Admob.mm */; };
		7847CDF51AB184820014E3F3 /* Analytics.mm in Sources */ = {isa = PBXBuildFile; fileRef = 7847CDE41AB184820014E3F3 /* Analytics.mm */; };
		7847CDF61AB184820014E3F3 /* AppController.mm in Sources */ = {isa = PBXBuildFile; fileRef = 7847CDE61AB184820014E3F3 /* AppController.mm */; };
		7847CDF71AB184820014E3F3 /* main.m in Sources */ = {isa = PBXBuildFile; fileRef = 7847CDE71AB184820014E3F3 /* main.m */; };
		7847CDF81AB184820014E3F3 /* Media.mm in Sources */ = {isa = PBXBuildFile; fileRef = 7847CDE91AB184820014E3F3 /* Media.mm */; };
		7847CDF91AB184820014E3F3 /* RootViewController.mm in Sources */ = {isa = PBXBuildFile; fileRef = 7847CDEB1AB184820014E3F3 /* RootViewController.mm */; };
		7847CDFA1AB184820014E3F3 /* Services.mm in Sources */ = {isa = PBXBuildFile; fileRef = 7847CDED1AB184820014E3F3 /* Services.mm */; };
		7847CDFB1AB184820014E3F3 /* Social.mm in Sources */ = {isa = PBXBuildFile; fileRef = 7847CDEF1AB184820014E3F3 /* Social.mm */; };
		7847CDFC1AB184820014E3F3 /* Screenshot.mm in Sources */ = {isa = PBXBuildFile; fileRef = 7847CDF11AB184820014E3F3 /* Screenshot.mm */; };
		7847CDFD1AB184820014E3F3 /* Vibrator.mm in Sources */ = {isa = PBXBuildFile; fileRef = 7847CDF31AB184820014E3F3 /* Vibrator.mm */; };
		784CA6A11A1A475E001145DC /* MediaPlayer.framework in Frameworks */ = {isa = PBXBuildFile; fileRef = 784CA6A01A1A475E001145DC /* MediaPlayer.framework */; };
		784CA6A91A1A49FF001145DC /* GameController.framework in Frameworks */ = {isa = PBXBuildFile; fileRef = 784CA6A81A1A49FF001145DC /* GameController.framework */; };
		784CA6C11A1A5117001145DC /* OpenGLES.framework in Frameworks */ = {isa = PBXBuildFile; fileRef = 784CA6C01A1A5117001145DC /* OpenGLES.framework */; };
		784CA6C31A1A5120001145DC /* CoreMotion.framework in Frameworks */ = {isa = PBXBuildFile; fileRef = 784CA6C21A1A5120001145DC /* CoreMotion.framework */; };
		7878F97B1ADDB01500A0F1D6 /* Internal.mm in Sources */ = {isa = PBXBuildFile; fileRef = 7878F97A1ADDB01500A0F1D6 /* Internal.mm */; };
		78809FA71B11D36B002397E7 /* Heyzap.mm in Sources */ = {isa = PBXBuildFile; fileRef = 78809FA61B11D36B002397E7 /* Heyzap.mm */; };
		78809FAD1B11D3B4002397E7 /* HeyzapAds.framework in Frameworks */ = {isa = PBXBuildFile; fileRef = 78809FA91B11D3B4002397E7 /* HeyzapAds.framework */; };
		78809FAE1B11D3B4002397E7 /* HZAdMobBannerSupport.m in Sources */ = {isa = PBXBuildFile; fileRef = 78809FAC1B11D3B4002397E7 /* HZAdMobBannerSupport.m */; };
		78809FB31B11DE75002397E7 /* iAd.framework in Frameworks */ = {isa = PBXBuildFile; fileRef = 78809FB21B11DE75002397E7 /* iAd.framework */; };
		78809FB51B11DEB3002397E7 /* MobileCoreServices.framework in Frameworks */ = {isa = PBXBuildFile; fileRef = 78809FB41B11DEB3002397E7 /* MobileCoreServices.framework */; };
		7897997F1B136C3C00041938 /* __vungle.db in Resources */ = {isa = PBXBuildFile; fileRef = 789799781B136C3C00041938 /* __vungle.db */; };
		789799801B136C3C00041938 /* vg_close.png in Resources */ = {isa = PBXBuildFile; fileRef = 789799791B136C3C00041938 /* vg_close.png */; };
		789799811B136C3C00041938 /* vg_cta.png in Resources */ = {isa = PBXBuildFile; fileRef = 7897997A1B136C3C00041938 /* vg_cta.png */; };
		789799821B136C3C00041938 /* vg_mute_off.png in Resources */ = {isa = PBXBuildFile; fileRef = 7897997B1B136C3C00041938 /* vg_mute_off.png */; };
		789799831B136C3C00041938 /* vg_mute_on.png in Resources */ = {isa = PBXBuildFile; fileRef = 7897997C1B136C3C00041938 /* vg_mute_on.png */; };
		789799841B136C3C00041938 /* vg_timer.png in Resources */ = {isa = PBXBuildFile; fileRef = 7897997D1B136C3C00041938 /* vg_timer.png */; };
		789799851B136C3C00041938 /* VungleSDK.framework in Frameworks */ = {isa = PBXBuildFile; fileRef = 7897997E1B136C3C00041938 /* VungleSDK.framework */; };
		789799B41B187C1600041938 /* Images.xcassets in Resources */ = {isa = PBXBuildFile; fileRef = 789799B31B187C1600041938 /* Images.xcassets */; };
		78B0CFCC1A92247000E72640 /* GameKit.framework in Frameworks */ = {isa = PBXBuildFile; fileRef = 78B0CFCB1A92247000E72640 /* GameKit.framework */; };
		78B0CFD21A924EAD00E72640 /* AdSupport.framework in Frameworks */ = {isa = PBXBuildFile; fileRef = 78B0CFD11A924EAD00E72640 /* AdSupport.framework */; };
		78B0CFD41A924EBB00E72640 /* AudioToolbox.framework in Frameworks */ = {isa = PBXBuildFile; fileRef = 78B0CFD31A924EBB00E72640 /* AudioToolbox.framework */; };
		78B0CFD61A924ECE00E72640 /* CoreTelephony.framework in Frameworks */ = {isa = PBXBuildFile; fileRef = 78B0CFD51A924ECE00E72640 /* CoreTelephony.framework */; };
		78B0CFD81A924ED900E72640 /* EventKit.framework in Frameworks */ = {isa = PBXBuildFile; fileRef = 78B0CFD71A924ED900E72640 /* EventKit.framework */; };
		78B0CFDA1A924EE300E72640 /* EventKitUI.framework in Frameworks */ = {isa = PBXBuildFile; fileRef = 78B0CFD91A924EE300E72640 /* EventKitUI.framework */; };
		78B0CFDC1A924EED00E72640 /* MessageUI.framework in Frameworks */ = {isa = PBXBuildFile; fileRef = 78B0CFDB1A924EED00E72640 /* MessageUI.framework */; };
		78B0CFDE1A924EF800E72640 /* StoreKit.framework in Frameworks */ = {isa = PBXBuildFile; fileRef = 78B0CFDD1A924EF800E72640 /* StoreKit.framework */; };
		78B0CFF41A9289E200E72640 /* libGoogleAnalyticsServices.a in Frameworks */ = {isa = PBXBuildFile; fileRef = 78B0CFF21A9289E200E72640 /* libGoogleAnalyticsServices.a */; };
		78BD4B8B1B5D307D00DB7B64 /* libcocos2d Mac.a in Frameworks */ = {isa = PBXBuildFile; fileRef = 78CA6DC81B56786D00F2525F /* libcocos2d Mac.a */; };
		78BD4B8C1B5D308300DB7B64 /* libjscocos2d Mac.a in Frameworks */ = {isa = PBXBuildFile; fileRef = 78CA6DDF1B5678F100F2525F /* libjscocos2d Mac.a */; };
		78C3989A1A8A6D2300604331 /* CoreData.framework in Frameworks */ = {isa = PBXBuildFile; fileRef = 78C398991A8A6D2300604331 /* CoreData.framework */; };
		78C3989C1A8A6D2E00604331 /* SystemConfiguration.framework in Frameworks */ = {isa = PBXBuildFile; fileRef = 78C3989B1A8A6D2E00604331 /* SystemConfiguration.framework */; };
		78C3989E1A8A6D4000604331 /* libz.dylib in Frameworks */ = {isa = PBXBuildFile; fileRef = 78C3989D1A8A6D4000604331 /* libz.dylib */; };
		78C5AE751B13480F00918D74 /* FBAudienceNetwork.framework in Frameworks */ = {isa = PBXBuildFile; fileRef = 78C5AE701B13480F00918D74 /* FBAudienceNetwork.framework */; };
		78C5AE761B13480F00918D74 /* UnityAds.bundle in Resources */ = {isa = PBXBuildFile; fileRef = 78C5AE721B13480F00918D74 /* UnityAds.bundle */; };
		78C5AE771B13480F00918D74 /* UnityAds.framework in Frameworks */ = {isa = PBXBuildFile; fileRef = 78C5AE731B13480F00918D74 /* UnityAds.framework */; };
		78C5AE791B134AF400918D74 /* AdColony.framework in Frameworks */ = {isa = PBXBuildFile; fileRef = 78C5AE781B134AF400918D74 /* AdColony.framework */; };
		78C5AE7B1B134C0600918D74 /* AdSupport.framework in Frameworks */ = {isa = PBXBuildFile; fileRef = 78C5AE7A1B134C0600918D74 /* AdSupport.framework */; };
		78C5AE7D1B134C1600918D74 /* AudioToolbox.framework in Frameworks */ = {isa = PBXBuildFile; fileRef = 78C5AE7C1B134C1600918D74 /* AudioToolbox.framework */; };
		78C5AE7F1B134C3A00918D74 /* CoreTelephony.framework in Frameworks */ = {isa = PBXBuildFile; fileRef = 78C5AE7E1B134C3A00918D74 /* CoreTelephony.framework */; };
		78C5AE821B134C4800918D74 /* EventKit.framework in Frameworks */ = {isa = PBXBuildFile; fileRef = 78C5AE801B134C4800918D74 /* EventKit.framework */; };
		78C5AE831B134C4800918D74 /* EventKitUI.framework in Frameworks */ = {isa = PBXBuildFile; fileRef = 78C5AE811B134C4800918D74 /* EventKitUI.framework */; };
		78C5AE851B134C5800918D74 /* MediaPlayer.framework in Frameworks */ = {isa = PBXBuildFile; fileRef = 78C5AE841B134C5800918D74 /* MediaPlayer.framework */; };
		78C5AE871B134C6400918D74 /* MessageUI.framework in Frameworks */ = {isa = PBXBuildFile; fileRef = 78C5AE861B134C6400918D74 /* MessageUI.framework */; };
		78C5AE891B134C7200918D74 /* WebKit.framework in Frameworks */ = {isa = PBXBuildFile; fileRef = 78C5AE881B134C7200918D74 /* WebKit.framework */; };
		78C5AE8B1B134C7E00918D74 /* SystemConfiguration.framework in Frameworks */ = {isa = PBXBuildFile; fileRef = 78C5AE8A1B134C7E00918D74 /* SystemConfiguration.framework */; };
		78C5AE8D1B134C8A00918D74 /* StoreKit.framework in Frameworks */ = {isa = PBXBuildFile; fileRef = 78C5AE8C1B134C8A00918D74 /* StoreKit.framework */; };
		78C5AE8F1B134C9100918D74 /* Social.framework in Frameworks */ = {isa = PBXBuildFile; fileRef = 78C5AE8E1B134C9100918D74 /* Social.framework */; };
		78CA6DE81B567A4500F2525F /* libcocos2d iOS.a in Frameworks */ = {isa = PBXBuildFile; fileRef = 78CA6DCA1B56786D00F2525F /* libcocos2d iOS.a */; };
		78CA6DE91B567A4E00F2525F /* libjscocos2d iOS.a in Frameworks */ = {isa = PBXBuildFile; fileRef = 78CA6DE11B5678F100F2525F /* libjscocos2d iOS.a */; };
		78CA6DEC1B5681AD00F2525F /* script in Resources */ = {isa = PBXBuildFile; fileRef = 78CA6DEB1B5681AD00F2525F /* script */; };
		78CA6DED1B5681AD00F2525F /* script in Resources */ = {isa = PBXBuildFile; fileRef = 78CA6DEB1B5681AD00F2525F /* script */; };
		78DEED691B1A911E0093CB64 /* Default-568h@2x.png in Resources */ = {isa = PBXBuildFile; fileRef = 78DEED531B1A911E0093CB64 /* Default-568h@2x.png */; };
		78DEED6A1B1A911E0093CB64 /* Default.png in Resources */ = {isa = PBXBuildFile; fileRef = 78DEED541B1A911E0093CB64 /* Default.png */; };
		78DEED6B1B1A911E0093CB64 /* Default@2x.png in Resources */ = {isa = PBXBuildFile; fileRef = 78DEED551B1A911E0093CB64 /* Default@2x.png */; };
		78DEED6C1B1A911E0093CB64 /* Default@2x~ipad.png in Resources */ = {isa = PBXBuildFile; fileRef = 78DEED561B1A911E0093CB64 /* Default@2x~ipad.png */; };
		78DEED6D1B1A911E0093CB64 /* Default_iphone6.png in Resources */ = {isa = PBXBuildFile; fileRef = 78DEED571B1A911E0093CB64 /* Default_iphone6.png */; };
		78DEED6E1B1A911E0093CB64 /* Default_iphone6plus.png in Resources */ = {isa = PBXBuildFile; fileRef = 78DEED581B1A911E0093CB64 /* Default_iphone6plus.png */; };
		78DEED6F1B1A911E0093CB64 /* Default~ipad.png in Resources */ = {isa = PBXBuildFile; fileRef = 78DEED591B1A911E0093CB64 /* Default~ipad.png */; };
		78DEED701B1A911E0093CB64 /* Icon-100.png in Resources */ = {isa = PBXBuildFile; fileRef = 78DEED5A1B1A911E0093CB64 /* Icon-100.png */; };
		78DEED711B1A911E0093CB64 /* Icon-114.png in Resources */ = {isa = PBXBuildFile; fileRef = 78DEED5B1B1A911E0093CB64 /* Icon-114.png */; };
		78DEED721B1A911E0093CB64 /* Icon-120.png in Resources */ = {isa = PBXBuildFile; fileRef = 78DEED5C1B1A911E0093CB64 /* Icon-120.png */; };
		78DEED731B1A911E0093CB64 /* Icon-128.png in Resources */ = {isa = PBXBuildFile; fileRef = 78DEED5D1B1A911E0093CB64 /* Icon-128.png */; };
		78DEED741B1A911E0093CB64 /* Icon-144.png in Resources */ = {isa = PBXBuildFile; fileRef = 78DEED5E1B1A911E0093CB64 /* Icon-144.png */; };
		78DEED751B1A911E0093CB64 /* Icon-152.png in Resources */ = {isa = PBXBuildFile; fileRef = 78DEED5F1B1A911E0093CB64 /* Icon-152.png */; };
		78DEED761B1A911E0093CB64 /* Icon-29.png in Resources */ = {isa = PBXBuildFile; fileRef = 78DEED601B1A911E0093CB64 /* Icon-29.png */; };
		78DEED771B1A911E0093CB64 /* Icon-40.png in Resources */ = {isa = PBXBuildFile; fileRef = 78DEED611B1A911E0093CB64 /* Icon-40.png */; };
		78DEED781B1A911E0093CB64 /* Icon-50.png in Resources */ = {isa = PBXBuildFile; fileRef = 78DEED621B1A911E0093CB64 /* Icon-50.png */; };
		78DEED791B1A911E0093CB64 /* Icon-57.png in Resources */ = {isa = PBXBuildFile; fileRef = 78DEED631B1A911E0093CB64 /* Icon-57.png */; };
		78DEED7A1B1A911E0093CB64 /* Icon-58.png in Resources */ = {isa = PBXBuildFile; fileRef = 78DEED641B1A911E0093CB64 /* Icon-58.png */; };
		78DEED7B1B1A911E0093CB64 /* Icon-72.png in Resources */ = {isa = PBXBuildFile; fileRef = 78DEED651B1A911E0093CB64 /* Icon-72.png */; };
		78DEED7C1B1A911E0093CB64 /* Icon-76.png in Resources */ = {isa = PBXBuildFile; fileRef = 78DEED661B1A911E0093CB64 /* Icon-76.png */; };
		78DEED7D1B1A911E0093CB64 /* Icon-80.png in Resources */ = {isa = PBXBuildFile; fileRef = 78DEED671B1A911E0093CB64 /* Icon-80.png */; };
		78DEED801B1A912F0093CB64 /* Icon.icns in Resources */ = {isa = PBXBuildFile; fileRef = 78DEED7F1B1A912F0093CB64 /* Icon.icns */; };
		78DEEDFE1B1D035B0093CB64 /* AdWebViewController.m in Sources */ = {isa = PBXBuildFile; fileRef = 78DEEDF21B1D035B0093CB64 /* AdWebViewController.m */; };
		78DEEDFF1B1D035B0093CB64 /* close.png in Resources */ = {isa = PBXBuildFile; fileRef = 78DEEDF31B1D035B0093CB64 /* close.png */; };
		78DEEE001B1D035B0093CB64 /* close@2x.png in Resources */ = {isa = PBXBuildFile; fileRef = 78DEEDF41B1D035B0093CB64 /* close@2x.png */; };
		78DEEE011B1D035B0093CB64 /* down.png in Resources */ = {isa = PBXBuildFile; fileRef = 78DEEDF51B1D035B0093CB64 /* down.png */; };
		78DEEE021B1D035B0093CB64 /* facebook_like_button.png in Resources */ = {isa = PBXBuildFile; fileRef = 78DEEDF61B1D035B0093CB64 /* facebook_like_button.png */; };
		78DEEE031B1D035B0093CB64 /* Interstitiel.m in Sources */ = {isa = PBXBuildFile; fileRef = 78DEEDF81B1D035B0093CB64 /* Interstitiel.m */; };
		78DEEE041B1D035B0093CB64 /* Reachability.m in Sources */ = {isa = PBXBuildFile; fileRef = 78DEEDFA1B1D035B0093CB64 /* Reachability.m */; };
		78DEEE051B1D035B0093CB64 /* up.png in Resources */ = {isa = PBXBuildFile; fileRef = 78DEEDFB1B1D035B0093CB64 /* up.png */; };
		78DEEE061B1D035B0093CB64 /* validate.png in Resources */ = {isa = PBXBuildFile; fileRef = 78DEEDFC1B1D035B0093CB64 /* validate.png */; };
		78DEEE071B1D035B0093CB64 /* validate@2x.png in Resources */ = {isa = PBXBuildFile; fileRef = 78DEEDFD1B1D035B0093CB64 /* validate@2x.png */; };
		78DEEE221B1D06AA0093CB64 /* Ketchapp.mm in Sources */ = {isa = PBXBuildFile; fileRef = 78DEEE211B1D06AA0093CB64 /* Ketchapp.mm */; };
		78EA01DF1AEA5C1400057A05 /* GoogleMobileAds.framework in Frameworks */ = {isa = PBXBuildFile; fileRef = 78EA01DE1AEA5C1400057A05 /* GoogleMobileAds.framework */; };
		78EA01E11AEA5C4500057A05 /* CoreMedia.framework in Frameworks */ = {isa = PBXBuildFile; fileRef = 78EA01E01AEA5C4500057A05 /* CoreMedia.framework */; };
		A92275421517C094001B78AA /* QuartzCore.framework in Frameworks */ = {isa = PBXBuildFile; fileRef = A92275411517C094001B78AA /* QuartzCore.framework */; };
		A92275461517C094001B78AA /* OpenAL.framework in Frameworks */ = {isa = PBXBuildFile; fileRef = A92275451517C094001B78AA /* OpenAL.framework */; };
		A92275481517C094001B78AA /* AudioToolbox.framework in Frameworks */ = {isa = PBXBuildFile; fileRef = A92275471517C094001B78AA /* AudioToolbox.framework */; };
		A922754A1517C094001B78AA /* AVFoundation.framework in Frameworks */ = {isa = PBXBuildFile; fileRef = A92275491517C094001B78AA /* AVFoundation.framework */; };
		A922754E1517C094001B78AA /* Foundation.framework in Frameworks */ = {isa = PBXBuildFile; fileRef = A922754D1517C094001B78AA /* Foundation.framework */; };
		A92275501517C094001B78AA /* CoreGraphics.framework in Frameworks */ = {isa = PBXBuildFile; fileRef = A922754F1517C094001B78AA /* CoreGraphics.framework */; };
		D454520C156E22BD00887EB5 /* libz.dylib in Frameworks */ = {isa = PBXBuildFile; fileRef = D454520B156E22BD00887EB5 /* libz.dylib */; };
/* End PBXBuildFile section */

/* Begin PBXContainerItemProxy section */
		78CA6DC71B56786D00F2525F /* PBXContainerItemProxy */ = {
			isa = PBXContainerItemProxy;
			containerPortal = 78CA6DC21B56786D00F2525F /* cocos2d_libs.xcodeproj */;
			proxyType = 2;
			remoteGlobalIDString = 1551A33F158F2AB200E66CFE;
			remoteInfo = "libcocos2d Mac";
		};
		78CA6DC91B56786D00F2525F /* PBXContainerItemProxy */ = {
			isa = PBXContainerItemProxy;
			containerPortal = 78CA6DC21B56786D00F2525F /* cocos2d_libs.xcodeproj */;
			proxyType = 2;
			remoteGlobalIDString = A07A4D641783777C0073F6A7;
			remoteInfo = "libcocos2d iOS";
		};
		78CA6DCB1B56789100F2525F /* PBXContainerItemProxy */ = {
			isa = PBXContainerItemProxy;
			containerPortal = 78CA6DC21B56786D00F2525F /* cocos2d_libs.xcodeproj */;
			proxyType = 1;
			remoteGlobalIDString = A07A4C241783777C0073F6A7;
			remoteInfo = "libcocos2d iOS";
		};
		78CA6DDE1B5678F100F2525F /* PBXContainerItemProxy */ = {
			isa = PBXContainerItemProxy;
			containerPortal = 78CA6DD91B5678F000F2525F /* cocos2d_js_bindings.xcodeproj */;
			proxyType = 2;
			remoteGlobalIDString = 1A5410A418B785A10016A3AF;
			remoteInfo = "libjscocos2d Mac";
		};
		78CA6DE01B5678F100F2525F /* PBXContainerItemProxy */ = {
			isa = PBXContainerItemProxy;
			containerPortal = 78CA6DD91B5678F000F2525F /* cocos2d_js_bindings.xcodeproj */;
			proxyType = 2;
			remoteGlobalIDString = 1A5410A518B785A10016A3AF;
			remoteInfo = "libjscocos2d iOS";
		};
		78CA6DE21B5678FF00F2525F /* PBXContainerItemProxy */ = {
			isa = PBXContainerItemProxy;
			containerPortal = 78CA6DD91B5678F000F2525F /* cocos2d_js_bindings.xcodeproj */;
			proxyType = 1;
			remoteGlobalIDString = A07A4FB5178387750073F6A7;
			remoteInfo = "libjscocos2d iOS";
		};
		78CA6DE41B56790400F2525F /* PBXContainerItemProxy */ = {
			isa = PBXContainerItemProxy;
			containerPortal = 78CA6DC21B56786D00F2525F /* cocos2d_libs.xcodeproj */;
			proxyType = 1;
			remoteGlobalIDString = 1551A33E158F2AB200E66CFE;
			remoteInfo = "libcocos2d Mac";
		};
		78CA6DE61B56790900F2525F /* PBXContainerItemProxy */ = {
			isa = PBXContainerItemProxy;
			containerPortal = 78CA6DD91B5678F000F2525F /* cocos2d_js_bindings.xcodeproj */;
			proxyType = 1;
			remoteGlobalIDString = A03F31E81781479B006731B9;
			remoteInfo = "libjscocos2d Mac";
		};
/* End PBXContainerItemProxy section */

/* Begin PBXFileReference section */
		1A82F5FA169AC92500C4B13A /* libsqlite3.dylib */ = {isa = PBXFileReference; lastKnownFileType = "compiled.mach-o.dylib"; name = libsqlite3.dylib; path = usr/lib/libsqlite3.dylib; sourceTree = SDKROOT; };
		1A96A4F2174A3432008653A9 /* libcurl.a */ = {isa = PBXFileReference; lastKnownFileType = archive.ar; name = libcurl.a; path = "../../js-bindings/cocos2d-x/cocos2dx/platform/third_party/ios/libraries/libcurl.a"; sourceTree = "<group>"; };
		502380DB17EBB88200990C9B /* libcurl.dylib */ = {isa = PBXFileReference; lastKnownFileType = "compiled.mach-o.dylib"; name = libcurl.dylib; path = usr/lib/libcurl.dylib; sourceTree = SDKROOT; };
		509D4AAA17EBB24E00697056 /* application.app */ = {isa = PBXFileReference; explicitFileType = wrapper.application; includeInIndex = 0; path = application.app; sourceTree = BUILT_PRODUCTS_DIR; };
		509D4AE617EBB81800697056 /* OpenGL.framework */ = {isa = PBXFileReference; lastKnownFileType = wrapper.framework; name = OpenGL.framework; path = System/Library/Frameworks/OpenGL.framework; sourceTree = SDKROOT; };
		509D4AE817EBB82000697056 /* AppKit.framework */ = {isa = PBXFileReference; lastKnownFileType = wrapper.framework; name = AppKit.framework; path = System/Library/Frameworks/AppKit.framework; sourceTree = SDKROOT; };
		509D4AEA17EBB82600697056 /* IOKit.framework */ = {isa = PBXFileReference; lastKnownFileType = wrapper.framework; name = IOKit.framework; path = System/Library/Frameworks/IOKit.framework; sourceTree = SDKROOT; };
		7822CCFC1AB6D54600FBE746 /* Chartboosts.mm */ = {isa = PBXFileReference; fileEncoding = 4; lastKnownFileType = sourcecode.cpp.objcpp; path = Chartboosts.mm; sourceTree = "<group>"; };
		7823FBB31ABDB57400447F0A /* Batch.bundle */ = {isa = PBXFileReference; lastKnownFileType = "wrapper.plug-in"; path = Batch.bundle; sourceTree = "<group>"; };
		7823FBB41ABDB57400447F0A /* Batch.framework */ = {isa = PBXFileReference; lastKnownFileType = wrapper.framework; path = Batch.framework; sourceTree = "<group>"; };
		7823FBBC1ABDBF0B00447F0A /* UIKit.framework */ = {isa = PBXFileReference; lastKnownFileType = wrapper.framework; name = UIKit.framework; path = Platforms/iPhoneOS.platform/Developer/SDKs/iPhoneOS8.2.sdk/System/Library/Frameworks/UIKit.framework; sourceTree = DEVELOPER_DIR; };
		7823FBC31ABDBF9500447F0A /* libsqlite3.dylib */ = {isa = PBXFileReference; lastKnownFileType = "compiled.mach-o.dylib"; name = libsqlite3.dylib; path = Platforms/iPhoneOS.platform/Developer/SDKs/iPhoneOS8.2.sdk/usr/lib/libsqlite3.dylib; sourceTree = DEVELOPER_DIR; };
		7823FBC51ABDC0F900447F0A /* Batchcom.mm */ = {isa = PBXFileReference; fileEncoding = 4; lastKnownFileType = sourcecode.cpp.objcpp; path = Batchcom.mm; sourceTree = "<group>"; };
		7828A0441A1F7E9A0079492B /* cocos2d-tooflya-sdk */ = {isa = PBXFileReference; lastKnownFileType = folder; name = "cocos2d-tooflya-sdk"; path = "../../../cocos2d-tooflya-sdk"; sourceTree = "<group>"; };
		7828A0491A1F86C80079492B /* Info.plist */ = {isa = PBXFileReference; fileEncoding = 4; lastKnownFileType = text.plist.xml; path = Info.plist; sourceTree = "<group>"; };
		7828A04C1A1F86C80079492B /* Info.plist */ = {isa = PBXFileReference; fileEncoding = 4; lastKnownFileType = text.plist.xml; path = Info.plist; sourceTree = "<group>"; };
		7828A0881A1F86F40079492B /* prefix.pch */ = {isa = PBXFileReference; fileEncoding = 4; lastKnownFileType = sourcecode.c.h; name = prefix.pch; path = "../../../../../cocos2d-apple-library/Platforms/ios/prefix.pch"; sourceTree = "<group>"; };
		7828A08A1A1F86F40079492B /* prefix.pch */ = {isa = PBXFileReference; fileEncoding = 4; lastKnownFileType = sourcecode.c.h; name = prefix.pch; path = "../../../../../cocos2d-apple-library/Platforms/mac/prefix.pch"; sourceTree = "<group>"; };
		7828A09B1A1F870D0079492B /* AppDelegate.cpp */ = {isa = PBXFileReference; fileEncoding = 4; lastKnownFileType = sourcecode.cpp.cpp; path = AppDelegate.cpp; sourceTree = "<group>"; };
		7828A09C1A1F870D0079492B /* AppDelegate.h */ = {isa = PBXFileReference; fileEncoding = 4; lastKnownFileType = sourcecode.c.h; path = AppDelegate.h; sourceTree = "<group>"; };
		7828A0A71A1F87BA0079492B /* main.cpp */ = {isa = PBXFileReference; fileEncoding = 4; lastKnownFileType = sourcecode.cpp.cpp; path = main.cpp; sourceTree = "<group>"; };
		784222D01A0A5D6800CDC2F5 /* resource */ = {isa = PBXFileReference; lastKnownFileType = folder; name = resource; path = ../../resource; sourceTree = "<group>"; };
		784222D11A0A5D6800CDC2F5 /* sources */ = {isa = PBXFileReference; lastKnownFileType = folder; name = sources; path = ../../sources; sourceTree = "<group>"; };
		784222D21A0A5D6800CDC2F5 /* main.js */ = {isa = PBXFileReference; fileEncoding = 4; lastKnownFileType = sourcecode.javascript; name = main.js; path = ../../main.js; sourceTree = "<group>"; };
		784222D31A0A5D6800CDC2F5 /* project.json */ = {isa = PBXFileReference; fileEncoding = 4; lastKnownFileType = text.json; name = project.json; path = ../../project.json; sourceTree = "<group>"; };
		78454D251AE9B22100C9E0FB /* Security.framework */ = {isa = PBXFileReference; lastKnownFileType = wrapper.framework; name = Security.framework; path = System/Library/Frameworks/Security.framework; sourceTree = SDKROOT; };
		784552151AB1CB5100C11E71 /* Chartboost.framework */ = {isa = PBXFileReference; lastKnownFileType = wrapper.framework; path = Chartboost.framework; sourceTree = "<group>"; };
		7847CDE21AB184820014E3F3 /* Admob.mm */ = {isa = PBXFileReference; fileEncoding = 4; lastKnownFileType = sourcecode.cpp.objcpp; path = Admob.mm; sourceTree = "<group>"; };
		7847CDE41AB184820014E3F3 /* Analytics.mm */ = {isa = PBXFileReference; fileEncoding = 4; lastKnownFileType = sourcecode.cpp.objcpp; path = Analytics.mm; sourceTree = "<group>"; };
		7847CDE51AB184820014E3F3 /* AppController.h */ = {isa = PBXFileReference; fileEncoding = 4; lastKnownFileType = sourcecode.c.h; path = AppController.h; sourceTree = "<group>"; };
		7847CDE61AB184820014E3F3 /* AppController.mm */ = {isa = PBXFileReference; fileEncoding = 4; lastKnownFileType = sourcecode.cpp.objcpp; path = AppController.mm; sourceTree = "<group>"; };
		7847CDE71AB184820014E3F3 /* main.m */ = {isa = PBXFileReference; fileEncoding = 4; lastKnownFileType = sourcecode.c.objc; path = main.m; sourceTree = "<group>"; };
		7847CDE91AB184820014E3F3 /* Media.mm */ = {isa = PBXFileReference; fileEncoding = 4; lastKnownFileType = sourcecode.cpp.objcpp; path = Media.mm; sourceTree = "<group>"; };
		7847CDEA1AB184820014E3F3 /* RootViewController.h */ = {isa = PBXFileReference; fileEncoding = 4; lastKnownFileType = sourcecode.c.h; path = RootViewController.h; sourceTree = "<group>"; };
		7847CDEB1AB184820014E3F3 /* RootViewController.mm */ = {isa = PBXFileReference; fileEncoding = 4; lastKnownFileType = sourcecode.cpp.objcpp; path = RootViewController.mm; sourceTree = "<group>"; };
		7847CDED1AB184820014E3F3 /* Services.mm */ = {isa = PBXFileReference; fileEncoding = 4; lastKnownFileType = sourcecode.cpp.objcpp; path = Services.mm; sourceTree = "<group>"; };
		7847CDEF1AB184820014E3F3 /* Social.mm */ = {isa = PBXFileReference; fileEncoding = 4; lastKnownFileType = sourcecode.cpp.objcpp; path = Social.mm; sourceTree = "<group>"; };
		7847CDF11AB184820014E3F3 /* Screenshot.mm */ = {isa = PBXFileReference; fileEncoding = 4; lastKnownFileType = sourcecode.cpp.objcpp; path = Screenshot.mm; sourceTree = "<group>"; };
		7847CDF31AB184820014E3F3 /* Vibrator.mm */ = {isa = PBXFileReference; fileEncoding = 4; lastKnownFileType = sourcecode.cpp.objcpp; path = Vibrator.mm; sourceTree = "<group>"; };
		784CA6A01A1A475E001145DC /* MediaPlayer.framework */ = {isa = PBXFileReference; lastKnownFileType = wrapper.framework; name = MediaPlayer.framework; path = Platforms/iPhoneOS.platform/Developer/SDKs/iPhoneOS8.1.sdk/System/Library/Frameworks/MediaPlayer.framework; sourceTree = DEVELOPER_DIR; };
		784CA6A81A1A49FF001145DC /* GameController.framework */ = {isa = PBXFileReference; lastKnownFileType = wrapper.framework; name = GameController.framework; path = Platforms/iPhoneOS.platform/Developer/SDKs/iPhoneOS8.1.sdk/System/Library/Frameworks/GameController.framework; sourceTree = DEVELOPER_DIR; };
		784CA6C01A1A5117001145DC /* OpenGLES.framework */ = {isa = PBXFileReference; lastKnownFileType = wrapper.framework; name = OpenGLES.framework; path = Platforms/iPhoneOS.platform/Developer/SDKs/iPhoneOS8.1.sdk/System/Library/Frameworks/OpenGLES.framework; sourceTree = DEVELOPER_DIR; };
		784CA6C21A1A5120001145DC /* CoreMotion.framework */ = {isa = PBXFileReference; lastKnownFileType = wrapper.framework; name = CoreMotion.framework; path = Platforms/iPhoneOS.platform/Developer/SDKs/iPhoneOS8.1.sdk/System/Library/Frameworks/CoreMotion.framework; sourceTree = DEVELOPER_DIR; };
		7878F97A1ADDB01500A0F1D6 /* Internal.mm */ = {isa = PBXFileReference; fileEncoding = 4; lastKnownFileType = sourcecode.cpp.objcpp; path = Internal.mm; sourceTree = "<group>"; };
		78809FA61B11D36B002397E7 /* Heyzap.mm */ = {isa = PBXFileReference; fileEncoding = 4; lastKnownFileType = sourcecode.cpp.objcpp; path = Heyzap.mm; sourceTree = "<group>"; };
		78809FA91B11D3B4002397E7 /* HeyzapAds.framework */ = {isa = PBXFileReference; lastKnownFileType = wrapper.framework; path = HeyzapAds.framework; sourceTree = "<group>"; };
		78809FAB1B11D3B4002397E7 /* HZAdMobBannerSupport.h */ = {isa = PBXFileReference; fileEncoding = 4; lastKnownFileType = sourcecode.c.h; path = HZAdMobBannerSupport.h; sourceTree = "<group>"; };
		78809FAC1B11D3B4002397E7 /* HZAdMobBannerSupport.m */ = {isa = PBXFileReference; fileEncoding = 4; lastKnownFileType = sourcecode.c.objc; path = HZAdMobBannerSupport.m; sourceTree = "<group>"; };
		78809FB21B11DE75002397E7 /* iAd.framework */ = {isa = PBXFileReference; lastKnownFileType = wrapper.framework; name = iAd.framework; path = Platforms/iPhoneOS.platform/Developer/SDKs/iPhoneOS8.3.sdk/System/Library/Frameworks/iAd.framework; sourceTree = DEVELOPER_DIR; };
		78809FB41B11DEB3002397E7 /* MobileCoreServices.framework */ = {isa = PBXFileReference; lastKnownFileType = wrapper.framework; name = MobileCoreServices.framework; path = Platforms/iPhoneOS.platform/Developer/SDKs/iPhoneOS8.3.sdk/System/Library/Frameworks/MobileCoreServices.framework; sourceTree = DEVELOPER_DIR; };
		789799781B136C3C00041938 /* __vungle.db */ = {isa = PBXFileReference; lastKnownFileType = file; path = __vungle.db; sourceTree = "<group>"; };
		789799791B136C3C00041938 /* vg_close.png */ = {isa = PBXFileReference; lastKnownFileType = image.png; path = vg_close.png; sourceTree = "<group>"; };
		7897997A1B136C3C00041938 /* vg_cta.png */ = {isa = PBXFileReference; lastKnownFileType = image.png; path = vg_cta.png; sourceTree = "<group>"; };
		7897997B1B136C3C00041938 /* vg_mute_off.png */ = {isa = PBXFileReference; lastKnownFileType = image.png; path = vg_mute_off.png; sourceTree = "<group>"; };
		7897997C1B136C3C00041938 /* vg_mute_on.png */ = {isa = PBXFileReference; lastKnownFileType = image.png; path = vg_mute_on.png; sourceTree = "<group>"; };
		7897997D1B136C3C00041938 /* vg_timer.png */ = {isa = PBXFileReference; lastKnownFileType = image.png; path = vg_timer.png; sourceTree = "<group>"; };
		7897997E1B136C3C00041938 /* VungleSDK.framework */ = {isa = PBXFileReference; lastKnownFileType = wrapper.framework; path = VungleSDK.framework; sourceTree = "<group>"; };
		789799B31B187C1600041938 /* Images.xcassets */ = {isa = PBXFileReference; lastKnownFileType = folder.assetcatalog; name = Images.xcassets; path = ios/Images.xcassets; sourceTree = "<group>"; };
		78B0CFCB1A92247000E72640 /* GameKit.framework */ = {isa = PBXFileReference; lastKnownFileType = wrapper.framework; name = GameKit.framework; path = Platforms/iPhoneOS.platform/Developer/SDKs/iPhoneOS8.1.sdk/System/Library/Frameworks/GameKit.framework; sourceTree = DEVELOPER_DIR; };
		78B0CFD11A924EAD00E72640 /* AdSupport.framework */ = {isa = PBXFileReference; lastKnownFileType = wrapper.framework; name = AdSupport.framework; path = Platforms/iPhoneOS.platform/Developer/SDKs/iPhoneOS8.1.sdk/System/Library/Frameworks/AdSupport.framework; sourceTree = DEVELOPER_DIR; };
		78B0CFD31A924EBB00E72640 /* AudioToolbox.framework */ = {isa = PBXFileReference; lastKnownFileType = wrapper.framework; name = AudioToolbox.framework; path = Platforms/iPhoneOS.platform/Developer/SDKs/iPhoneOS8.1.sdk/System/Library/Frameworks/AudioToolbox.framework; sourceTree = DEVELOPER_DIR; };
		78B0CFD51A924ECE00E72640 /* CoreTelephony.framework */ = {isa = PBXFileReference; lastKnownFileType = wrapper.framework; name = CoreTelephony.framework; path = Platforms/iPhoneOS.platform/Developer/SDKs/iPhoneOS8.1.sdk/System/Library/Frameworks/CoreTelephony.framework; sourceTree = DEVELOPER_DIR; };
		78B0CFD71A924ED900E72640 /* EventKit.framework */ = {isa = PBXFileReference; lastKnownFileType = wrapper.framework; name = EventKit.framework; path = Platforms/iPhoneOS.platform/Developer/SDKs/iPhoneOS8.1.sdk/System/Library/Frameworks/EventKit.framework; sourceTree = DEVELOPER_DIR; };
		78B0CFD91A924EE300E72640 /* EventKitUI.framework */ = {isa = PBXFileReference; lastKnownFileType = wrapper.framework; name = EventKitUI.framework; path = Platforms/iPhoneOS.platform/Developer/SDKs/iPhoneOS8.1.sdk/System/Library/Frameworks/EventKitUI.framework; sourceTree = DEVELOPER_DIR; };
		78B0CFDB1A924EED00E72640 /* MessageUI.framework */ = {isa = PBXFileReference; lastKnownFileType = wrapper.framework; name = MessageUI.framework; path = Platforms/iPhoneOS.platform/Developer/SDKs/iPhoneOS8.1.sdk/System/Library/Frameworks/MessageUI.framework; sourceTree = DEVELOPER_DIR; };
		78B0CFDD1A924EF800E72640 /* StoreKit.framework */ = {isa = PBXFileReference; lastKnownFileType = wrapper.framework; name = StoreKit.framework; path = Platforms/iPhoneOS.platform/Developer/SDKs/iPhoneOS8.1.sdk/System/Library/Frameworks/StoreKit.framework; sourceTree = DEVELOPER_DIR; };
		78B0CFE81A9289E200E72640 /* GAI.h */ = {isa = PBXFileReference; fileEncoding = 4; lastKnownFileType = sourcecode.c.h; path = GAI.h; sourceTree = "<group>"; };
		78B0CFE91A9289E200E72640 /* GAIDictionaryBuilder.h */ = {isa = PBXFileReference; fileEncoding = 4; lastKnownFileType = sourcecode.c.h; path = GAIDictionaryBuilder.h; sourceTree = "<group>"; };
		78B0CFEA1A9289E200E72640 /* GAIEcommerceFields.h */ = {isa = PBXFileReference; fileEncoding = 4; lastKnownFileType = sourcecode.c.h; path = GAIEcommerceFields.h; sourceTree = "<group>"; };
		78B0CFEB1A9289E200E72640 /* GAIEcommerceProduct.h */ = {isa = PBXFileReference; fileEncoding = 4; lastKnownFileType = sourcecode.c.h; path = GAIEcommerceProduct.h; sourceTree = "<group>"; };
		78B0CFEC1A9289E200E72640 /* GAIEcommerceProductAction.h */ = {isa = PBXFileReference; fileEncoding = 4; lastKnownFileType = sourcecode.c.h; path = GAIEcommerceProductAction.h; sourceTree = "<group>"; };
		78B0CFED1A9289E200E72640 /* GAIEcommercePromotion.h */ = {isa = PBXFileReference; fileEncoding = 4; lastKnownFileType = sourcecode.c.h; path = GAIEcommercePromotion.h; sourceTree = "<group>"; };
		78B0CFEE1A9289E200E72640 /* GAIFields.h */ = {isa = PBXFileReference; fileEncoding = 4; lastKnownFileType = sourcecode.c.h; path = GAIFields.h; sourceTree = "<group>"; };
		78B0CFEF1A9289E200E72640 /* GAILogger.h */ = {isa = PBXFileReference; fileEncoding = 4; lastKnownFileType = sourcecode.c.h; path = GAILogger.h; sourceTree = "<group>"; };
		78B0CFF01A9289E200E72640 /* GAITrackedViewController.h */ = {isa = PBXFileReference; fileEncoding = 4; lastKnownFileType = sourcecode.c.h; path = GAITrackedViewController.h; sourceTree = "<group>"; };
		78B0CFF11A9289E200E72640 /* GAITracker.h */ = {isa = PBXFileReference; fileEncoding = 4; lastKnownFileType = sourcecode.c.h; path = GAITracker.h; sourceTree = "<group>"; };
		78B0CFF21A9289E200E72640 /* libGoogleAnalyticsServices.a */ = {isa = PBXFileReference; lastKnownFileType = archive.ar; path = libGoogleAnalyticsServices.a; sourceTree = "<group>"; };
		78C398991A8A6D2300604331 /* CoreData.framework */ = {isa = PBXFileReference; lastKnownFileType = wrapper.framework; name = CoreData.framework; path = Platforms/iPhoneOS.platform/Developer/SDKs/iPhoneOS8.1.sdk/System/Library/Frameworks/CoreData.framework; sourceTree = DEVELOPER_DIR; };
		78C3989B1A8A6D2E00604331 /* SystemConfiguration.framework */ = {isa = PBXFileReference; lastKnownFileType = wrapper.framework; name = SystemConfiguration.framework; path = Platforms/iPhoneOS.platform/Developer/SDKs/iPhoneOS8.1.sdk/System/Library/Frameworks/SystemConfiguration.framework; sourceTree = DEVELOPER_DIR; };
		78C3989D1A8A6D4000604331 /* libz.dylib */ = {isa = PBXFileReference; lastKnownFileType = "compiled.mach-o.dylib"; name = libz.dylib; path = Platforms/iPhoneOS.platform/Developer/SDKs/iPhoneOS8.1.sdk/usr/lib/libz.dylib; sourceTree = DEVELOPER_DIR; };
		78C3989F1A8A6D4700604331 /* libsqlite3.dylib */ = {isa = PBXFileReference; lastKnownFileType = "compiled.mach-o.dylib"; name = libsqlite3.dylib; path = Platforms/iPhoneOS.platform/Developer/SDKs/iPhoneOS8.1.sdk/usr/lib/libsqlite3.dylib; sourceTree = DEVELOPER_DIR; };
		78C5AE701B13480F00918D74 /* FBAudienceNetwork.framework */ = {isa = PBXFileReference; lastKnownFileType = wrapper.framework; path = FBAudienceNetwork.framework; sourceTree = "<group>"; };
		78C5AE721B13480F00918D74 /* UnityAds.bundle */ = {isa = PBXFileReference; lastKnownFileType = "wrapper.plug-in"; path = UnityAds.bundle; sourceTree = "<group>"; };
		78C5AE731B13480F00918D74 /* UnityAds.framework */ = {isa = PBXFileReference; lastKnownFileType = wrapper.framework; path = UnityAds.framework; sourceTree = "<group>"; };
		78C5AE781B134AF400918D74 /* AdColony.framework */ = {isa = PBXFileReference; lastKnownFileType = wrapper.framework; path = AdColony.framework; sourceTree = "<group>"; };
		78C5AE7A1B134C0600918D74 /* AdSupport.framework */ = {isa = PBXFileReference; lastKnownFileType = wrapper.framework; name = AdSupport.framework; path = Platforms/iPhoneOS.platform/Developer/SDKs/iPhoneOS8.3.sdk/System/Library/Frameworks/AdSupport.framework; sourceTree = DEVELOPER_DIR; };
		78C5AE7C1B134C1600918D74 /* AudioToolbox.framework */ = {isa = PBXFileReference; lastKnownFileType = wrapper.framework; name = AudioToolbox.framework; path = Platforms/iPhoneOS.platform/Developer/SDKs/iPhoneOS8.3.sdk/System/Library/Frameworks/AudioToolbox.framework; sourceTree = DEVELOPER_DIR; };
		78C5AE7E1B134C3A00918D74 /* CoreTelephony.framework */ = {isa = PBXFileReference; lastKnownFileType = wrapper.framework; name = CoreTelephony.framework; path = Platforms/iPhoneOS.platform/Developer/SDKs/iPhoneOS8.3.sdk/System/Library/Frameworks/CoreTelephony.framework; sourceTree = DEVELOPER_DIR; };
		78C5AE801B134C4800918D74 /* EventKit.framework */ = {isa = PBXFileReference; lastKnownFileType = wrapper.framework; name = EventKit.framework; path = Platforms/iPhoneOS.platform/Developer/SDKs/iPhoneOS8.3.sdk/System/Library/Frameworks/EventKit.framework; sourceTree = DEVELOPER_DIR; };
		78C5AE811B134C4800918D74 /* EventKitUI.framework */ = {isa = PBXFileReference; lastKnownFileType = wrapper.framework; name = EventKitUI.framework; path = Platforms/iPhoneOS.platform/Developer/SDKs/iPhoneOS8.3.sdk/System/Library/Frameworks/EventKitUI.framework; sourceTree = DEVELOPER_DIR; };
		78C5AE841B134C5800918D74 /* MediaPlayer.framework */ = {isa = PBXFileReference; lastKnownFileType = wrapper.framework; name = MediaPlayer.framework; path = Platforms/iPhoneOS.platform/Developer/SDKs/iPhoneOS8.3.sdk/System/Library/Frameworks/MediaPlayer.framework; sourceTree = DEVELOPER_DIR; };
		78C5AE861B134C6400918D74 /* MessageUI.framework */ = {isa = PBXFileReference; lastKnownFileType = wrapper.framework; name = MessageUI.framework; path = Platforms/iPhoneOS.platform/Developer/SDKs/iPhoneOS8.3.sdk/System/Library/Frameworks/MessageUI.framework; sourceTree = DEVELOPER_DIR; };
		78C5AE881B134C7200918D74 /* WebKit.framework */ = {isa = PBXFileReference; lastKnownFileType = wrapper.framework; name = WebKit.framework; path = Platforms/iPhoneOS.platform/Developer/SDKs/iPhoneOS8.3.sdk/System/Library/Frameworks/WebKit.framework; sourceTree = DEVELOPER_DIR; };
		78C5AE8A1B134C7E00918D74 /* SystemConfiguration.framework */ = {isa = PBXFileReference; lastKnownFileType = wrapper.framework; name = SystemConfiguration.framework; path = Platforms/iPhoneOS.platform/Developer/SDKs/iPhoneOS8.3.sdk/System/Library/Frameworks/SystemConfiguration.framework; sourceTree = DEVELOPER_DIR; };
		78C5AE8C1B134C8A00918D74 /* StoreKit.framework */ = {isa = PBXFileReference; lastKnownFileType = wrapper.framework; name = StoreKit.framework; path = Platforms/iPhoneOS.platform/Developer/SDKs/iPhoneOS8.3.sdk/System/Library/Frameworks/StoreKit.framework; sourceTree = DEVELOPER_DIR; };
		78C5AE8E1B134C9100918D74 /* Social.framework */ = {isa = PBXFileReference; lastKnownFileType = wrapper.framework; name = Social.framework; path = Platforms/iPhoneOS.platform/Developer/SDKs/iPhoneOS8.3.sdk/System/Library/Frameworks/Social.framework; sourceTree = DEVELOPER_DIR; };
		78CA6DC21B56786D00F2525F /* cocos2d_libs.xcodeproj */ = {isa = PBXFileReference; lastKnownFileType = "wrapper.pb-project"; name = cocos2d_libs.xcodeproj; path = ../../../cocos2d/build/cocos2d_libs.xcodeproj; sourceTree = "<group>"; };
		78CA6DD91B5678F000F2525F /* cocos2d_js_bindings.xcodeproj */ = {isa = PBXFileReference; lastKnownFileType = "wrapper.pb-project"; name = cocos2d_js_bindings.xcodeproj; path = "../../../cocos2d/cocos/scripting/js-bindings/proj.ios_mac/cocos2d_js_bindings.xcodeproj"; sourceTree = "<group>"; };
		78CA6DEB1B5681AD00F2525F /* script */ = {isa = PBXFileReference; lastKnownFileType = folder; name = script; path = "../../../cocos2d/cocos/scripting/js-bindings/script"; sourceTree = "<group>"; };
		78DEED531B1A911E0093CB64 /* Default-568h@2x.png */ = {isa = PBXFileReference; lastKnownFileType = image.png; path = "Default-568h@2x.png"; sourceTree = "<group>"; };
		78DEED541B1A911E0093CB64 /* Default.png */ = {isa = PBXFileReference; lastKnownFileType = image.png; path = Default.png; sourceTree = "<group>"; };
		78DEED551B1A911E0093CB64 /* Default@2x.png */ = {isa = PBXFileReference; lastKnownFileType = image.png; path = "Default@2x.png"; sourceTree = "<group>"; };
		78DEED561B1A911E0093CB64 /* Default@2x~ipad.png */ = {isa = PBXFileReference; lastKnownFileType = image.png; path = "Default@2x~ipad.png"; sourceTree = "<group>"; };
		78DEED571B1A911E0093CB64 /* Default_iphone6.png */ = {isa = PBXFileReference; lastKnownFileType = image.png; path = Default_iphone6.png; sourceTree = "<group>"; };
		78DEED581B1A911E0093CB64 /* Default_iphone6plus.png */ = {isa = PBXFileReference; lastKnownFileType = image.png; path = Default_iphone6plus.png; sourceTree = "<group>"; };
		78DEED591B1A911E0093CB64 /* Default~ipad.png */ = {isa = PBXFileReference; lastKnownFileType = image.png; path = "Default~ipad.png"; sourceTree = "<group>"; };
		78DEED5A1B1A911E0093CB64 /* Icon-100.png */ = {isa = PBXFileReference; lastKnownFileType = image.png; path = "Icon-100.png"; sourceTree = "<group>"; };
		78DEED5B1B1A911E0093CB64 /* Icon-114.png */ = {isa = PBXFileReference; lastKnownFileType = image.png; path = "Icon-114.png"; sourceTree = "<group>"; };
		78DEED5C1B1A911E0093CB64 /* Icon-120.png */ = {isa = PBXFileReference; lastKnownFileType = image.png; path = "Icon-120.png"; sourceTree = "<group>"; };
		78DEED5D1B1A911E0093CB64 /* Icon-128.png */ = {isa = PBXFileReference; lastKnownFileType = image.png; path = "Icon-128.png"; sourceTree = "<group>"; };
		78DEED5E1B1A911E0093CB64 /* Icon-144.png */ = {isa = PBXFileReference; lastKnownFileType = image.png; path = "Icon-144.png"; sourceTree = "<group>"; };
		78DEED5F1B1A911E0093CB64 /* Icon-152.png */ = {isa = PBXFileReference; lastKnownFileType = image.png; path = "Icon-152.png"; sourceTree = "<group>"; };
		78DEED601B1A911E0093CB64 /* Icon-29.png */ = {isa = PBXFileReference; lastKnownFileType = image.png; path = "Icon-29.png"; sourceTree = "<group>"; };
		78DEED611B1A911E0093CB64 /* Icon-40.png */ = {isa = PBXFileReference; lastKnownFileType = image.png; path = "Icon-40.png"; sourceTree = "<group>"; };
		78DEED621B1A911E0093CB64 /* Icon-50.png */ = {isa = PBXFileReference; lastKnownFileType = image.png; path = "Icon-50.png"; sourceTree = "<group>"; };
		78DEED631B1A911E0093CB64 /* Icon-57.png */ = {isa = PBXFileReference; lastKnownFileType = image.png; path = "Icon-57.png"; sourceTree = "<group>"; };
		78DEED641B1A911E0093CB64 /* Icon-58.png */ = {isa = PBXFileReference; lastKnownFileType = image.png; path = "Icon-58.png"; sourceTree = "<group>"; };
		78DEED651B1A911E0093CB64 /* Icon-72.png */ = {isa = PBXFileReference; lastKnownFileType = image.png; path = "Icon-72.png"; sourceTree = "<group>"; };
		78DEED661B1A911E0093CB64 /* Icon-76.png */ = {isa = PBXFileReference; lastKnownFileType = image.png; path = "Icon-76.png"; sourceTree = "<group>"; };
		78DEED671B1A911E0093CB64 /* Icon-80.png */ = {isa = PBXFileReference; lastKnownFileType = image.png; path = "Icon-80.png"; sourceTree = "<group>"; };
		78DEED7F1B1A912F0093CB64 /* Icon.icns */ = {isa = PBXFileReference; lastKnownFileType = image.icns; path = Icon.icns; sourceTree = "<group>"; };
		78DEEDF11B1D035B0093CB64 /* AdWebViewController.h */ = {isa = PBXFileReference; fileEncoding = 4; lastKnownFileType = sourcecode.c.h; path = AdWebViewController.h; sourceTree = "<group>"; };
		78DEEDF21B1D035B0093CB64 /* AdWebViewController.m */ = {isa = PBXFileReference; fileEncoding = 4; lastKnownFileType = sourcecode.c.objc; path = AdWebViewController.m; sourceTree = "<group>"; };
		78DEEDF31B1D035B0093CB64 /* close.png */ = {isa = PBXFileReference; lastKnownFileType = image.png; path = close.png; sourceTree = "<group>"; };
		78DEEDF41B1D035B0093CB64 /* close@2x.png */ = {isa = PBXFileReference; lastKnownFileType = image.png; path = "close@2x.png"; sourceTree = "<group>"; };
		78DEEDF51B1D035B0093CB64 /* down.png */ = {isa = PBXFileReference; lastKnownFileType = image.png; path = down.png; sourceTree = "<group>"; };
		78DEEDF61B1D035B0093CB64 /* facebook_like_button.png */ = {isa = PBXFileReference; lastKnownFileType = image.png; path = facebook_like_button.png; sourceTree = "<group>"; };
		78DEEDF71B1D035B0093CB64 /* Interstitiel.h */ = {isa = PBXFileReference; fileEncoding = 4; lastKnownFileType = sourcecode.c.h; path = Interstitiel.h; sourceTree = "<group>"; };
		78DEEDF81B1D035B0093CB64 /* Interstitiel.m */ = {isa = PBXFileReference; fileEncoding = 4; lastKnownFileType = sourcecode.c.objc; path = Interstitiel.m; sourceTree = "<group>"; };
		78DEEDF91B1D035B0093CB64 /* Reachability.h */ = {isa = PBXFileReference; fileEncoding = 4; lastKnownFileType = sourcecode.c.h; path = Reachability.h; sourceTree = "<group>"; };
		78DEEDFA1B1D035B0093CB64 /* Reachability.m */ = {isa = PBXFileReference; fileEncoding = 4; lastKnownFileType = sourcecode.c.objc; path = Reachability.m; sourceTree = "<group>"; };
		78DEEDFB1B1D035B0093CB64 /* up.png */ = {isa = PBXFileReference; lastKnownFileType = image.png; path = up.png; sourceTree = "<group>"; };
		78DEEDFC1B1D035B0093CB64 /* validate.png */ = {isa = PBXFileReference; lastKnownFileType = image.png; path = validate.png; sourceTree = "<group>"; };
		78DEEDFD1B1D035B0093CB64 /* validate@2x.png */ = {isa = PBXFileReference; lastKnownFileType = image.png; path = "validate@2x.png"; sourceTree = "<group>"; };
		78DEEE211B1D06AA0093CB64 /* Ketchapp.mm */ = {isa = PBXFileReference; fileEncoding = 4; lastKnownFileType = sourcecode.cpp.objcpp; path = Ketchapp.mm; sourceTree = "<group>"; };
		78EA01DE1AEA5C1400057A05 /* GoogleMobileAds.framework */ = {isa = PBXFileReference; lastKnownFileType = wrapper.framework; path = GoogleMobileAds.framework; sourceTree = "<group>"; };
		78EA01E01AEA5C4500057A05 /* CoreMedia.framework */ = {isa = PBXFileReference; lastKnownFileType = wrapper.framework; name = CoreMedia.framework; path = Platforms/iPhoneOS.platform/Developer/SDKs/iPhoneOS8.3.sdk/System/Library/Frameworks/CoreMedia.framework; sourceTree = DEVELOPER_DIR; };
		A922753D1517C094001B78AA /* application.app */ = {isa = PBXFileReference; explicitFileType = wrapper.application; includeInIndex = 0; path = application.app; sourceTree = BUILT_PRODUCTS_DIR; };
		A92275411517C094001B78AA /* QuartzCore.framework */ = {isa = PBXFileReference; lastKnownFileType = wrapper.framework; name = QuartzCore.framework; path = System/Library/Frameworks/QuartzCore.framework; sourceTree = SDKROOT; };
		A92275451517C094001B78AA /* OpenAL.framework */ = {isa = PBXFileReference; lastKnownFileType = wrapper.framework; name = OpenAL.framework; path = System/Library/Frameworks/OpenAL.framework; sourceTree = SDKROOT; };
		A92275471517C094001B78AA /* AudioToolbox.framework */ = {isa = PBXFileReference; lastKnownFileType = wrapper.framework; name = AudioToolbox.framework; path = System/Library/Frameworks/AudioToolbox.framework; sourceTree = SDKROOT; };
		A92275491517C094001B78AA /* AVFoundation.framework */ = {isa = PBXFileReference; lastKnownFileType = wrapper.framework; name = AVFoundation.framework; path = System/Library/Frameworks/AVFoundation.framework; sourceTree = SDKROOT; };
		A922754D1517C094001B78AA /* Foundation.framework */ = {isa = PBXFileReference; lastKnownFileType = wrapper.framework; name = Foundation.framework; path = System/Library/Frameworks/Foundation.framework; sourceTree = SDKROOT; };
		A922754F1517C094001B78AA /* CoreGraphics.framework */ = {isa = PBXFileReference; lastKnownFileType = wrapper.framework; name = CoreGraphics.framework; path = System/Library/Frameworks/CoreGraphics.framework; sourceTree = SDKROOT; };
		D454520B156E22BD00887EB5 /* libz.dylib */ = {isa = PBXFileReference; lastKnownFileType = "compiled.mach-o.dylib"; name = libz.dylib; path = usr/lib/libz.dylib; sourceTree = SDKROOT; };
/* End PBXFileReference section */

/* Begin PBXFrameworksBuildPhase section */
		509D4A8217EBB24E00697056 /* Frameworks */ = {
			isa = PBXFrameworksBuildPhase;
			buildActionMask = 2147483647;
			files = (
				78BD4B8C1B5D308300DB7B64 /* libjscocos2d Mac.a in Frameworks */,
				78BD4B8B1B5D307D00DB7B64 /* libcocos2d Mac.a in Frameworks */,
				502380DC17EBB88200990C9B /* libcurl.dylib in Frameworks */,
				509D4A8817EBB24E00697056 /* libsqlite3.dylib in Frameworks */,
				509D4A8917EBB24E00697056 /* libz.dylib in Frameworks */,
				78454D261AE9B22100C9E0FB /* Security.framework in Frameworks */,
				509D4AEB17EBB82600697056 /* IOKit.framework in Frameworks */,
				509D4AE917EBB82000697056 /* AppKit.framework in Frameworks */,
				509D4AE717EBB81800697056 /* OpenGL.framework in Frameworks */,
				509D4A8A17EBB24E00697056 /* QuartzCore.framework in Frameworks */,
				509D4A8C17EBB24E00697056 /* OpenAL.framework in Frameworks */,
				509D4A8D17EBB24E00697056 /* AudioToolbox.framework in Frameworks */,
				509D4A8E17EBB24E00697056 /* AVFoundation.framework in Frameworks */,
				509D4A9017EBB24E00697056 /* Foundation.framework in Frameworks */,
				509D4A9117EBB24E00697056 /* CoreGraphics.framework in Frameworks */,
			);
			runOnlyForDeploymentPostprocessing = 0;
		};
		A922753A1517C094001B78AA /* Frameworks */ = {
			isa = PBXFrameworksBuildPhase;
			buildActionMask = 2147483647;
			files = (
				78CA6DE91B567A4E00F2525F /* libjscocos2d iOS.a in Frameworks */,
				78CA6DE81B567A4500F2525F /* libcocos2d iOS.a in Frameworks */,
				78C5AE8F1B134C9100918D74 /* Social.framework in Frameworks */,
				78C5AE8D1B134C8A00918D74 /* StoreKit.framework in Frameworks */,
				78C5AE8B1B134C7E00918D74 /* SystemConfiguration.framework in Frameworks */,
				78C5AE891B134C7200918D74 /* WebKit.framework in Frameworks */,
				78C5AE871B134C6400918D74 /* MessageUI.framework in Frameworks */,
				78C5AE851B134C5800918D74 /* MediaPlayer.framework in Frameworks */,
				78C5AE821B134C4800918D74 /* EventKit.framework in Frameworks */,
				78C5AE831B134C4800918D74 /* EventKitUI.framework in Frameworks */,
				78C5AE7F1B134C3A00918D74 /* CoreTelephony.framework in Frameworks */,
				78EA01E11AEA5C4500057A05 /* CoreMedia.framework in Frameworks */,
				78C5AE7D1B134C1600918D74 /* AudioToolbox.framework in Frameworks */,
				78C5AE7B1B134C0600918D74 /* AdSupport.framework in Frameworks */,
				78809FB51B11DEB3002397E7 /* MobileCoreServices.framework in Frameworks */,
				78809FB31B11DE75002397E7 /* iAd.framework in Frameworks */,
				7823FBC71ABDC10F00447F0A /* Batch.framework in Frameworks */,
				78C5AE751B13480F00918D74 /* FBAudienceNetwork.framework in Frameworks */,
				7823FBC41ABDBF9500447F0A /* libsqlite3.dylib in Frameworks */,
				7823FBBD1ABDBF0B00447F0A /* UIKit.framework in Frameworks */,
				784552161AB1CB5100C11E71 /* Chartboost.framework in Frameworks */,
				78C5AE791B134AF400918D74 /* AdColony.framework in Frameworks */,
				78C3989C1A8A6D2E00604331 /* SystemConfiguration.framework in Frameworks */,
				78B0CFDE1A924EF800E72640 /* StoreKit.framework in Frameworks */,
				78B0CFDC1A924EED00E72640 /* MessageUI.framework in Frameworks */,
				789799851B136C3C00041938 /* VungleSDK.framework in Frameworks */,
				78B0CFDA1A924EE300E72640 /* EventKitUI.framework in Frameworks */,
				78B0CFD81A924ED900E72640 /* EventKit.framework in Frameworks */,
				78B0CFD61A924ECE00E72640 /* CoreTelephony.framework in Frameworks */,
				78B0CFD41A924EBB00E72640 /* AudioToolbox.framework in Frameworks */,
				78B0CFD21A924EAD00E72640 /* AdSupport.framework in Frameworks */,
				78B0CFCC1A92247000E72640 /* GameKit.framework in Frameworks */,
				78C3989E1A8A6D4000604331 /* libz.dylib in Frameworks */,
				78B0CFF41A9289E200E72640 /* libGoogleAnalyticsServices.a in Frameworks */,
				78C3989A1A8A6D2300604331 /* CoreData.framework in Frameworks */,
				78C5AE771B13480F00918D74 /* UnityAds.framework in Frameworks */,
				784CA6C31A1A5120001145DC /* CoreMotion.framework in Frameworks */,
				784CA6C11A1A5117001145DC /* OpenGLES.framework in Frameworks */,
				784CA6A91A1A49FF001145DC /* GameController.framework in Frameworks */,
				784CA6A11A1A475E001145DC /* MediaPlayer.framework in Frameworks */,
				1A82F5FB169AC92500C4B13A /* libsqlite3.dylib in Frameworks */,
				D454520C156E22BD00887EB5 /* libz.dylib in Frameworks */,
				A92275421517C094001B78AA /* QuartzCore.framework in Frameworks */,
				A92275461517C094001B78AA /* OpenAL.framework in Frameworks */,
				A92275481517C094001B78AA /* AudioToolbox.framework in Frameworks */,
				A922754A1517C094001B78AA /* AVFoundation.framework in Frameworks */,
				A922754E1517C094001B78AA /* Foundation.framework in Frameworks */,
				78EA01DF1AEA5C1400057A05 /* GoogleMobileAds.framework in Frameworks */,
				A92275501517C094001B78AA /* CoreGraphics.framework in Frameworks */,
				78809FAD1B11D3B4002397E7 /* HeyzapAds.framework in Frameworks */,
			);
			runOnlyForDeploymentPostprocessing = 0;
		};
/* End PBXFrameworksBuildPhase section */

/* Begin PBXGroup section */
		15628F5B15F0F5C2000CF24B /* Resources */ = {
			isa = PBXGroup;
			children = (
				789799B31B187C1600041938 /* Images.xcassets */,
				7828A0441A1F7E9A0079492B /* cocos2d-tooflya-sdk */,
				784222D01A0A5D6800CDC2F5 /* resource */,
				784222D11A0A5D6800CDC2F5 /* sources */,
				784222D21A0A5D6800CDC2F5 /* main.js */,
				784222D31A0A5D6800CDC2F5 /* project.json */,
			);
			name = Resources;
			sourceTree = "<group>";
		};
		7823FBB21ABDB57400447F0A /* Batch */ = {
			isa = PBXGroup;
			children = (
				7823FBB31ABDB57400447F0A /* Batch.bundle */,
				7823FBB41ABDB57400447F0A /* Batch.framework */,
			);
			path = Batch;
			sourceTree = "<group>";
		};
		7823FBB71ABDBBC500447F0A /* plugins */ = {
			isa = PBXGroup;
			children = (
				78DEEE201B1D06AA0093CB64 /* ketchapp */,
				78809FA31B11D352002397E7 /* heyzap */,
				7823FBB81ABDBBC500447F0A /* batch */,
			);
			path = plugins;
			sourceTree = "<group>";
		};
		7823FBB81ABDBBC500447F0A /* batch */ = {
			isa = PBXGroup;
			children = (
				7823FBC51ABDC0F900447F0A /* Batchcom.mm */,
			);
			path = batch;
			sourceTree = "<group>";
		};
		7828A0471A1F86C80079492B /* Platforms */ = {
			isa = PBXGroup;
			children = (
				7828A0481A1F86C80079492B /* ios */,
				7828A04B1A1F86C80079492B /* mac */,
			);
			path = Platforms;
			sourceTree = "<group>";
		};
		7828A0481A1F86C80079492B /* ios */ = {
			isa = PBXGroup;
			children = (
				7828A0491A1F86C80079492B /* Info.plist */,
				7828A0881A1F86F40079492B /* prefix.pch */,
			);
			path = ios;
			sourceTree = "<group>";
		};
		7828A04B1A1F86C80079492B /* mac */ = {
			isa = PBXGroup;
			children = (
				7828A04C1A1F86C80079492B /* Info.plist */,
				7828A08A1A1F86F40079492B /* prefix.pch */,
			);
			path = mac;
			sourceTree = "<group>";
		};
		7828A09A1A1F870D0079492B /* Classes */ = {
			isa = PBXGroup;
			children = (
				7828A09B1A1F870D0079492B /* AppDelegate.cpp */,
				7828A09C1A1F870D0079492B /* AppDelegate.h */,
			);
			name = Classes;
			path = "../../../cocos2d-tooflya-sdk/Classes";
			sourceTree = "<group>";
		};
		7828A09F1A1F87BA0079492B /* Sources */ = {
			isa = PBXGroup;
			children = (
				78B0CFE41A9289E200E72640 /* Libraries */,
				7847CDDF1AB184820014E3F3 /* ios */,
				7828A0A61A1F87BA0079492B /* mac */,
			);
			name = Sources;
			path = "../../../cocos2d-apple-library/Sources";
			sourceTree = "<group>";
		};
		7828A0A61A1F87BA0079492B /* mac */ = {
			isa = PBXGroup;
			children = (
				7828A0A71A1F87BA0079492B /* main.cpp */,
			);
			path = mac;
			sourceTree = "<group>";
		};
		784552141AB1CB5100C11E71 /* ChartBoost */ = {
			isa = PBXGroup;
			children = (
				784552151AB1CB5100C11E71 /* Chartboost.framework */,
			);
			path = ChartBoost;
			sourceTree = "<group>";
		};
		784552171AB1CC4900C11E71 /* chartboost */ = {
			isa = PBXGroup;
			children = (
				7822CCFC1AB6D54600FBE746 /* Chartboosts.mm */,
			);
			path = chartboost;
			sourceTree = "<group>";
		};
		7847CDDF1AB184820014E3F3 /* ios */ = {
			isa = PBXGroup;
			children = (
				7847CDE51AB184820014E3F3 /* AppController.h */,
				7847CDE61AB184820014E3F3 /* AppController.mm */,
				7847CDEA1AB184820014E3F3 /* RootViewController.h */,
				7847CDEB1AB184820014E3F3 /* RootViewController.mm */,
				7847CDE71AB184820014E3F3 /* main.m */,
				7878F9791ADDB01500A0F1D6 /* internal */,
				7823FBB71ABDBBC500447F0A /* plugins */,
				7847CDE01AB184820014E3F3 /* ad */,
				7847CDE31AB184820014E3F3 /* analytics */,
				7847CDE81AB184820014E3F3 /* media */,
				7847CDEC1AB184820014E3F3 /* services */,
				7847CDEE1AB184820014E3F3 /* social */,
				7847CDF01AB184820014E3F3 /* support */,
				7847CDF21AB184820014E3F3 /* vibrator */,
			);
			path = ios;
			sourceTree = "<group>";
		};
		7847CDE01AB184820014E3F3 /* ad */ = {
			isa = PBXGroup;
			children = (
				784552171AB1CC4900C11E71 /* chartboost */,
				7847CDE11AB184820014E3F3 /* admob */,
			);
			path = ad;
			sourceTree = "<group>";
		};
		7847CDE11AB184820014E3F3 /* admob */ = {
			isa = PBXGroup;
			children = (
				7847CDE21AB184820014E3F3 /* Admob.mm */,
			);
			path = admob;
			sourceTree = "<group>";
		};
		7847CDE31AB184820014E3F3 /* analytics */ = {
			isa = PBXGroup;
			children = (
				7847CDE41AB184820014E3F3 /* Analytics.mm */,
			);
			path = analytics;
			sourceTree = "<group>";
		};
		7847CDE81AB184820014E3F3 /* media */ = {
			isa = PBXGroup;
			children = (
				7847CDE91AB184820014E3F3 /* Media.mm */,
			);
			path = media;
			sourceTree = "<group>";
		};
		7847CDEC1AB184820014E3F3 /* services */ = {
			isa = PBXGroup;
			children = (
				7847CDED1AB184820014E3F3 /* Services.mm */,
			);
			path = services;
			sourceTree = "<group>";
		};
		7847CDEE1AB184820014E3F3 /* social */ = {
			isa = PBXGroup;
			children = (
				7847CDEF1AB184820014E3F3 /* Social.mm */,
			);
			path = social;
			sourceTree = "<group>";
		};
		7847CDF01AB184820014E3F3 /* support */ = {
			isa = PBXGroup;
			children = (
				7847CDF11AB184820014E3F3 /* Screenshot.mm */,
			);
			path = support;
			sourceTree = "<group>";
		};
		7847CDF21AB184820014E3F3 /* vibrator */ = {
			isa = PBXGroup;
			children = (
				7847CDF31AB184820014E3F3 /* Vibrator.mm */,
			);
			path = vibrator;
			sourceTree = "<group>";
		};
		7878F9791ADDB01500A0F1D6 /* internal */ = {
			isa = PBXGroup;
			children = (
				7878F97A1ADDB01500A0F1D6 /* Internal.mm */,
			);
			path = internal;
			sourceTree = "<group>";
		};
		78809FA31B11D352002397E7 /* heyzap */ = {
			isa = PBXGroup;
			children = (
				78809FA61B11D36B002397E7 /* Heyzap.mm */,
			);
			path = heyzap;
			sourceTree = "<group>";
		};
		78809FA81B11D3B4002397E7 /* Heyzap */ = {
			isa = PBXGroup;
			children = (
				78809FA91B11D3B4002397E7 /* HeyzapAds.framework */,
				78809FAA1B11D3B4002397E7 /* MediationExtras */,
			);
			path = Heyzap;
			sourceTree = "<group>";
		};
		78809FAA1B11D3B4002397E7 /* MediationExtras */ = {
			isa = PBXGroup;
			children = (
				78809FAB1B11D3B4002397E7 /* HZAdMobBannerSupport.h */,
				78809FAC1B11D3B4002397E7 /* HZAdMobBannerSupport.m */,
			);
			path = MediationExtras;
			sourceTree = "<group>";
		};
		789799751B136C3C00041938 /* Vungle */ = {
			isa = PBXGroup;
			children = (
				789799761B136C3C00041938 /* VungleSDK.embeddedframework */,
			);
			path = Vungle;
			sourceTree = "<group>";
		};
		789799761B136C3C00041938 /* VungleSDK.embeddedframework */ = {
			isa = PBXGroup;
			children = (
				789799771B136C3C00041938 /* Resources */,
				7897997E1B136C3C00041938 /* VungleSDK.framework */,
			);
			path = VungleSDK.embeddedframework;
			sourceTree = "<group>";
		};
		789799771B136C3C00041938 /* Resources */ = {
			isa = PBXGroup;
			children = (
				789799781B136C3C00041938 /* __vungle.db */,
				789799791B136C3C00041938 /* vg_close.png */,
				7897997A1B136C3C00041938 /* vg_cta.png */,
				7897997B1B136C3C00041938 /* vg_mute_off.png */,
				7897997C1B136C3C00041938 /* vg_mute_on.png */,
				7897997D1B136C3C00041938 /* vg_timer.png */,
			);
			path = Resources;
			sourceTree = "<group>";
		};
		78B0CFE41A9289E200E72640 /* Libraries */ = {
			isa = PBXGroup;
			children = (
				78DEEDF01B1D035B0093CB64 /* Ketchapp */,
				789799751B136C3C00041938 /* Vungle */,
				78C5AE6F1B13480F00918D74 /* FacebookAudienceNetwork */,
				78C5AE6D1B13480F00918D74 /* AdColony */,
				78C5AE711B13480F00918D74 /* UnityAds */,
				78809FA81B11D3B4002397E7 /* Heyzap */,
				7823FBB21ABDB57400447F0A /* Batch */,
				784552141AB1CB5100C11E71 /* ChartBoost */,
				78B0CFE51A9289E200E72640 /* GoogleAdmob */,
				78B0CFE71A9289E200E72640 /* GoogleAnalytics */,
			);
			path = Libraries;
			sourceTree = "<group>";
		};
		78B0CFE51A9289E200E72640 /* GoogleAdmob */ = {
			isa = PBXGroup;
			children = (
				78EA01DE1AEA5C1400057A05 /* GoogleMobileAds.framework */,
			);
			path = GoogleAdmob;
			sourceTree = "<group>";
		};
		78B0CFE71A9289E200E72640 /* GoogleAnalytics */ = {
			isa = PBXGroup;
			children = (
				78B0CFE81A9289E200E72640 /* GAI.h */,
				78B0CFE91A9289E200E72640 /* GAIDictionaryBuilder.h */,
				78B0CFEA1A9289E200E72640 /* GAIEcommerceFields.h */,
				78B0CFEB1A9289E200E72640 /* GAIEcommerceProduct.h */,
				78B0CFEC1A9289E200E72640 /* GAIEcommerceProductAction.h */,
				78B0CFED1A9289E200E72640 /* GAIEcommercePromotion.h */,
				78B0CFEE1A9289E200E72640 /* GAIFields.h */,
				78B0CFEF1A9289E200E72640 /* GAILogger.h */,
				78B0CFF01A9289E200E72640 /* GAITrackedViewController.h */,
				78B0CFF11A9289E200E72640 /* GAITracker.h */,
				78B0CFF21A9289E200E72640 /* libGoogleAnalyticsServices.a */,
			);
			path = GoogleAnalytics;
			sourceTree = "<group>";
		};
		78C5AE6D1B13480F00918D74 /* AdColony */ = {
			isa = PBXGroup;
			children = (
				78C5AE781B134AF400918D74 /* AdColony.framework */,
			);
			path = AdColony;
			sourceTree = "<group>";
		};
		78C5AE6F1B13480F00918D74 /* FacebookAudienceNetwork */ = {
			isa = PBXGroup;
			children = (
				78C5AE701B13480F00918D74 /* FBAudienceNetwork.framework */,
			);
			path = FacebookAudienceNetwork;
			sourceTree = "<group>";
		};
		78C5AE711B13480F00918D74 /* UnityAds */ = {
			isa = PBXGroup;
			children = (
				78C5AE721B13480F00918D74 /* UnityAds.bundle */,
				78C5AE731B13480F00918D74 /* UnityAds.framework */,
			);
			path = UnityAds;
			sourceTree = "<group>";
		};
		78CA6DC31B56786D00F2525F /* Products */ = {
			isa = PBXGroup;
			children = (
				78CA6DC81B56786D00F2525F /* libcocos2d Mac.a */,
				78CA6DCA1B56786D00F2525F /* libcocos2d iOS.a */,
			);
			name = Products;
			sourceTree = "<group>";
		};
		78CA6DDA1B5678F000F2525F /* Products */ = {
			isa = PBXGroup;
			children = (
				78CA6DDF1B5678F100F2525F /* libjscocos2d Mac.a */,
				78CA6DE11B5678F100F2525F /* libjscocos2d iOS.a */,
			);
			name = Products;
			sourceTree = "<group>";
		};
		78DEED521B1A911E0093CB64 /* Resource */ = {
			isa = PBXGroup;
			children = (
				78DEED531B1A911E0093CB64 /* Default-568h@2x.png */,
				78DEED541B1A911E0093CB64 /* Default.png */,
				78DEED551B1A911E0093CB64 /* Default@2x.png */,
				78DEED561B1A911E0093CB64 /* Default@2x~ipad.png */,
				78DEED571B1A911E0093CB64 /* Default_iphone6.png */,
				78DEED581B1A911E0093CB64 /* Default_iphone6plus.png */,
				78DEED591B1A911E0093CB64 /* Default~ipad.png */,
				78DEED5A1B1A911E0093CB64 /* Icon-100.png */,
				78DEED5B1B1A911E0093CB64 /* Icon-114.png */,
				78DEED5C1B1A911E0093CB64 /* Icon-120.png */,
				78DEED5D1B1A911E0093CB64 /* Icon-128.png */,
				78DEED5E1B1A911E0093CB64 /* Icon-144.png */,
				78DEED5F1B1A911E0093CB64 /* Icon-152.png */,
				78DEED601B1A911E0093CB64 /* Icon-29.png */,
				78DEED611B1A911E0093CB64 /* Icon-40.png */,
				78DEED621B1A911E0093CB64 /* Icon-50.png */,
				78DEED631B1A911E0093CB64 /* Icon-57.png */,
				78DEED641B1A911E0093CB64 /* Icon-58.png */,
				78DEED651B1A911E0093CB64 /* Icon-72.png */,
				78DEED661B1A911E0093CB64 /* Icon-76.png */,
				78DEED671B1A911E0093CB64 /* Icon-80.png */,
				78DEED7F1B1A912F0093CB64 /* Icon.icns */,
			);
			path = Resource;
			sourceTree = "<group>";
		};
		78DEEDF01B1D035B0093CB64 /* Ketchapp */ = {
			isa = PBXGroup;
			children = (
				78DEEDF11B1D035B0093CB64 /* AdWebViewController.h */,
				78DEEDF21B1D035B0093CB64 /* AdWebViewController.m */,
				78DEEDF31B1D035B0093CB64 /* close.png */,
				78DEEDF41B1D035B0093CB64 /* close@2x.png */,
				78DEEDF51B1D035B0093CB64 /* down.png */,
				78DEEDF61B1D035B0093CB64 /* facebook_like_button.png */,
				78DEEDF71B1D035B0093CB64 /* Interstitiel.h */,
				78DEEDF81B1D035B0093CB64 /* Interstitiel.m */,
				78DEEDF91B1D035B0093CB64 /* Reachability.h */,
				78DEEDFA1B1D035B0093CB64 /* Reachability.m */,
				78DEEDFB1B1D035B0093CB64 /* up.png */,
				78DEEDFC1B1D035B0093CB64 /* validate.png */,
				78DEEDFD1B1D035B0093CB64 /* validate@2x.png */,
			);
			path = Ketchapp;
			sourceTree = "<group>";
		};
		78DEEE201B1D06AA0093CB64 /* ketchapp */ = {
			isa = PBXGroup;
			children = (
				78DEEE211B1D06AA0093CB64 /* Ketchapp.mm */,
			);
			path = ketchapp;
			sourceTree = "<group>";
		};
		78F354581A1A0876009CD132 /* Platform */ = {
			isa = PBXGroup;
			children = (
				78DEED521B1A911E0093CB64 /* Resource */,
				7828A09F1A1F87BA0079492B /* Sources */,
				7828A0471A1F86C80079492B /* Platforms */,
			);
			name = Platform;
			sourceTree = "<group>";
		};
		A92275321517C094001B78AA = {
			isa = PBXGroup;
			children = (
				78CA6DC21B56786D00F2525F /* cocos2d_libs.xcodeproj */,
				78CA6DD91B5678F000F2525F /* cocos2d_js_bindings.xcodeproj */,
				78CA6DEB1B5681AD00F2525F /* script */,
				7828A09A1A1F870D0079492B /* Classes */,
				15628F5B15F0F5C2000CF24B /* Resources */,
				A92275401517C094001B78AA /* Frameworks */,
				A922753E1517C094001B78AA /* Products */,
				78F354581A1A0876009CD132 /* Platform */,
			);
			sourceTree = "<group>";
		};
		A922753E1517C094001B78AA /* Products */ = {
			isa = PBXGroup;
			children = (
				A922753D1517C094001B78AA /* application.app */,
				509D4AAA17EBB24E00697056 /* application.app */,
			);
			name = Products;
			sourceTree = "<group>";
		};
		A92275401517C094001B78AA /* Frameworks */ = {
			isa = PBXGroup;
			children = (
				78C5AE8E1B134C9100918D74 /* Social.framework */,
				78C5AE8C1B134C8A00918D74 /* StoreKit.framework */,
				78C5AE8A1B134C7E00918D74 /* SystemConfiguration.framework */,
				78C5AE881B134C7200918D74 /* WebKit.framework */,
				78C5AE861B134C6400918D74 /* MessageUI.framework */,
				78C5AE841B134C5800918D74 /* MediaPlayer.framework */,
				78C5AE801B134C4800918D74 /* EventKit.framework */,
				78C5AE811B134C4800918D74 /* EventKitUI.framework */,
				78C5AE7E1B134C3A00918D74 /* CoreTelephony.framework */,
				78C5AE7C1B134C1600918D74 /* AudioToolbox.framework */,
				78C5AE7A1B134C0600918D74 /* AdSupport.framework */,
				78809FB41B11DEB3002397E7 /* MobileCoreServices.framework */,
				78809FB21B11DE75002397E7 /* iAd.framework */,
				78EA01E01AEA5C4500057A05 /* CoreMedia.framework */,
				78454D251AE9B22100C9E0FB /* Security.framework */,
				7823FBC31ABDBF9500447F0A /* libsqlite3.dylib */,
				78B0CFDD1A924EF800E72640 /* StoreKit.framework */,
				78B0CFDB1A924EED00E72640 /* MessageUI.framework */,
				78B0CFD91A924EE300E72640 /* EventKitUI.framework */,
				78B0CFD71A924ED900E72640 /* EventKit.framework */,
				78B0CFD51A924ECE00E72640 /* CoreTelephony.framework */,
				78B0CFD31A924EBB00E72640 /* AudioToolbox.framework */,
				78B0CFD11A924EAD00E72640 /* AdSupport.framework */,
				78B0CFCB1A92247000E72640 /* GameKit.framework */,
				78C3989F1A8A6D4700604331 /* libsqlite3.dylib */,
				78C3989D1A8A6D4000604331 /* libz.dylib */,
				78C3989B1A8A6D2E00604331 /* SystemConfiguration.framework */,
				78C398991A8A6D2300604331 /* CoreData.framework */,
				784CA6C21A1A5120001145DC /* CoreMotion.framework */,
				784CA6C01A1A5117001145DC /* OpenGLES.framework */,
				784CA6A81A1A49FF001145DC /* GameController.framework */,
				784CA6A01A1A475E001145DC /* MediaPlayer.framework */,
				502380DB17EBB88200990C9B /* libcurl.dylib */,
				509D4AEA17EBB82600697056 /* IOKit.framework */,
				509D4AE817EBB82000697056 /* AppKit.framework */,
				509D4AE617EBB81800697056 /* OpenGL.framework */,
				1A96A4F2174A3432008653A9 /* libcurl.a */,
				1A82F5FA169AC92500C4B13A /* libsqlite3.dylib */,
				D454520B156E22BD00887EB5 /* libz.dylib */,
				7823FBBC1ABDBF0B00447F0A /* UIKit.framework */,
				A92275411517C094001B78AA /* QuartzCore.framework */,
				A92275451517C094001B78AA /* OpenAL.framework */,
				A92275471517C094001B78AA /* AudioToolbox.framework */,
				A92275491517C094001B78AA /* AVFoundation.framework */,
				A922754D1517C094001B78AA /* Foundation.framework */,
				A922754F1517C094001B78AA /* CoreGraphics.framework */,
			);
			name = Frameworks;
			sourceTree = "<group>";
		};
/* End PBXGroup section */

/* Begin PBXNativeTarget section */
		509D4A7517EBB24E00697056 /* osx */ = {
			isa = PBXNativeTarget;
			buildConfigurationList = 509D4AA717EBB24E00697056 /* Build configuration list for PBXNativeTarget "osx" */;
			buildPhases = (
				509D4A8017EBB24E00697056 /* Sources */,
				509D4A9317EBB24E00697056 /* Resources */,
				509D4A8217EBB24E00697056 /* Frameworks */,
				780CED381AED9378009F277D /* ShellScript */,
			);
			buildRules = (
			);
			dependencies = (
				78CA6DE71B56790900F2525F /* PBXTargetDependency */,
				78CA6DE51B56790400F2525F /* PBXTargetDependency */,
			);
			name = osx;
			productName = overroad;
			productReference = 509D4AAA17EBB24E00697056 /* application.app */;
			productType = "com.apple.product-type.application";
		};
		A922753C1517C094001B78AA /* ios */ = {
			isa = PBXNativeTarget;
			buildConfigurationList = A92277001517C097001B78AA /* Build configuration list for PBXNativeTarget "ios" */;
			buildPhases = (
				A92275391517C094001B78AA /* Sources */,
				A922753A1517C094001B78AA /* Frameworks */,
				A922753B1517C094001B78AA /* Resources */,
				78DA94311AA4B4F60033417E /* ShellScript */,
			);
			buildRules = (
			);
			dependencies = (
				78CA6DE31B5678FF00F2525F /* PBXTargetDependency */,
				78CA6DCC1B56789100F2525F /* PBXTargetDependency */,
			);
			name = ios;
			productName = overroad;
			productReference = A922753D1517C094001B78AA /* application.app */;
			productType = "com.apple.product-type.application";
		};
/* End PBXNativeTarget section */

/* Begin PBXProject section */
		A92275341517C094001B78AA /* Project object */ = {
			isa = PBXProject;
			attributes = {
				LastUpgradeCheck = 0640;
				TargetAttributes = {
					A922753C1517C094001B78AA = {
						DevelopmentTeam = W984S6HS48;
						SystemCapabilities = {
							com.apple.iCloud = {
								enabled = 0;
							};
						};
					};
				};
			};
			buildConfigurationList = A92275371517C094001B78AA /* Build configuration list for PBXProject "cocos2d-exodus" */;
			compatibilityVersion = "Xcode 3.2";
			developmentRegion = English;
			hasScannedForEncodings = 0;
			knownRegions = (
				en,
			);
			mainGroup = A92275321517C094001B78AA;
			productRefGroup = A922753E1517C094001B78AA /* Products */;
			projectDirPath = "";
			projectReferences = (
				{
					ProductGroup = 78CA6DDA1B5678F000F2525F /* Products */;
					ProjectRef = 78CA6DD91B5678F000F2525F /* cocos2d_js_bindings.xcodeproj */;
				},
				{
					ProductGroup = 78CA6DC31B56786D00F2525F /* Products */;
					ProjectRef = 78CA6DC21B56786D00F2525F /* cocos2d_libs.xcodeproj */;
				},
			);
			projectRoot = "";
			targets = (
				A922753C1517C094001B78AA /* ios */,
				509D4A7517EBB24E00697056 /* osx */,
			);
		};
/* End PBXProject section */

/* Begin PBXReferenceProxy section */
		78CA6DC81B56786D00F2525F /* libcocos2d Mac.a */ = {
			isa = PBXReferenceProxy;
			fileType = archive.ar;
			path = "libcocos2d Mac.a";
			remoteRef = 78CA6DC71B56786D00F2525F /* PBXContainerItemProxy */;
			sourceTree = BUILT_PRODUCTS_DIR;
		};
		78CA6DCA1B56786D00F2525F /* libcocos2d iOS.a */ = {
			isa = PBXReferenceProxy;
			fileType = archive.ar;
			path = "libcocos2d iOS.a";
			remoteRef = 78CA6DC91B56786D00F2525F /* PBXContainerItemProxy */;
			sourceTree = BUILT_PRODUCTS_DIR;
		};
		78CA6DDF1B5678F100F2525F /* libjscocos2d Mac.a */ = {
			isa = PBXReferenceProxy;
			fileType = archive.ar;
			path = "libjscocos2d Mac.a";
			remoteRef = 78CA6DDE1B5678F100F2525F /* PBXContainerItemProxy */;
			sourceTree = BUILT_PRODUCTS_DIR;
		};
		78CA6DE11B5678F100F2525F /* libjscocos2d iOS.a */ = {
			isa = PBXReferenceProxy;
			fileType = archive.ar;
			path = "libjscocos2d iOS.a";
			remoteRef = 78CA6DE01B5678F100F2525F /* PBXContainerItemProxy */;
			sourceTree = BUILT_PRODUCTS_DIR;
		};
/* End PBXReferenceProxy section */

/* Begin PBXResourcesBuildPhase section */
		509D4A9317EBB24E00697056 /* Resources */ = {
			isa = PBXResourcesBuildPhase;
			buildActionMask = 2147483647;
			files = (
				784222D51A0A5D6800CDC2F5 /* resource in Resources */,
				784222DB1A0A5D6800CDC2F5 /* project.json in Resources */,
				78CA6DED1B5681AD00F2525F /* script in Resources */,
				7828A0461A1F7E9A0079492B /* cocos2d-tooflya-sdk in Resources */,
				784222D71A0A5D6800CDC2F5 /* sources in Resources */,
				78DEED801B1A912F0093CB64 /* Icon.icns in Resources */,
				784222D91A0A5D6800CDC2F5 /* main.js in Resources */,
			);
			runOnlyForDeploymentPostprocessing = 0;
		};
		A922753B1517C094001B78AA /* Resources */ = {
			isa = PBXResourcesBuildPhase;
			buildActionMask = 2147483647;
			files = (
				78DEED7C1B1A911E0093CB64 /* Icon-76.png in Resources */,
				78C5AE761B13480F00918D74 /* UnityAds.bundle in Resources */,
				78DEED761B1A911E0093CB64 /* Icon-29.png in Resources */,
				789799B41B187C1600041938 /* Images.xcassets in Resources */,
				78DEED6F1B1A911E0093CB64 /* Default~ipad.png in Resources */,
				789799801B136C3C00041938 /* vg_close.png in Resources */,
				784222DA1A0A5D6800CDC2F5 /* project.json in Resources */,
				784222D41A0A5D6800CDC2F5 /* resource in Resources */,
				7828A0451A1F7E9A0079492B /* cocos2d-tooflya-sdk in Resources */,
				78DEEE071B1D035B0093CB64 /* validate@2x.png in Resources */,
				784222D61A0A5D6800CDC2F5 /* sources in Resources */,
				78DEED6C1B1A911E0093CB64 /* Default@2x~ipad.png in Resources */,
				789799841B136C3C00041938 /* vg_timer.png in Resources */,
				789799821B136C3C00041938 /* vg_mute_off.png in Resources */,
				78DEEE001B1D035B0093CB64 /* close@2x.png in Resources */,
				78DEED7A1B1A911E0093CB64 /* Icon-58.png in Resources */,
				78DEED751B1A911E0093CB64 /* Icon-152.png in Resources */,
				78DEED701B1A911E0093CB64 /* Icon-100.png in Resources */,
				78DEEE011B1D035B0093CB64 /* down.png in Resources */,
				78DEED6A1B1A911E0093CB64 /* Default.png in Resources */,
				78DEED711B1A911E0093CB64 /* Icon-114.png in Resources */,
				78DEED7D1B1A911E0093CB64 /* Icon-80.png in Resources */,
				78DEED6B1B1A911E0093CB64 /* Default@2x.png in Resources */,
				78DEED691B1A911E0093CB64 /* Default-568h@2x.png in Resources */,
				78DEEE061B1D035B0093CB64 /* validate.png in Resources */,
				78DEEE051B1D035B0093CB64 /* up.png in Resources */,
				7823FBB51ABDB57400447F0A /* Batch.bundle in Resources */,
				784222D81A0A5D6800CDC2F5 /* main.js in Resources */,
				78DEED791B1A911E0093CB64 /* Icon-57.png in Resources */,
				78CA6DEC1B5681AD00F2525F /* script in Resources */,
				789799831B136C3C00041938 /* vg_mute_on.png in Resources */,
				78DEED781B1A911E0093CB64 /* Icon-50.png in Resources */,
				78DEED741B1A911E0093CB64 /* Icon-144.png in Resources */,
				78DEED771B1A911E0093CB64 /* Icon-40.png in Resources */,
				78DEED6E1B1A911E0093CB64 /* Default_iphone6plus.png in Resources */,
				78DEED7B1B1A911E0093CB64 /* Icon-72.png in Resources */,
				789799811B136C3C00041938 /* vg_cta.png in Resources */,
				78DEEDFF1B1D035B0093CB64 /* close.png in Resources */,
				78DEEE021B1D035B0093CB64 /* facebook_like_button.png in Resources */,
				78DEED731B1A911E0093CB64 /* Icon-128.png in Resources */,
				7897997F1B136C3C00041938 /* __vungle.db in Resources */,
				78DEED721B1A911E0093CB64 /* Icon-120.png in Resources */,
				78DEED6D1B1A911E0093CB64 /* Default_iphone6.png in Resources */,
			);
			runOnlyForDeploymentPostprocessing = 0;
		};
/* End PBXResourcesBuildPhase section */

/* Begin PBXShellScriptBuildPhase section */
		780CED381AED9378009F277D /* ShellScript */ = {
			isa = PBXShellScriptBuildPhase;
			buildActionMask = 2147483647;
			files = (
			);
			inputPaths = (
			);
			outputPaths = (
			);
			runOnlyForDeploymentPostprocessing = 0;
			shellPath = /bin/sh;
			shellScript = "${PROJECT_DIR}/../../../cocos2d-apple-library/Tools/build.sh \"${INFOPLIST_FILE}\"";
		};
		78DA94311AA4B4F60033417E /* ShellScript */ = {
			isa = PBXShellScriptBuildPhase;
			buildActionMask = 2147483647;
			files = (
			);
			inputPaths = (
			);
			outputPaths = (
			);
			runOnlyForDeploymentPostprocessing = 0;
			shellPath = /bin/sh;
			shellScript = "${PROJECT_DIR}/../../../cocos2d-apple-library/Tools/build.sh \"${INFOPLIST_FILE}\"";
		};
/* End PBXShellScriptBuildPhase section */

/* Begin PBXSourcesBuildPhase section */
		509D4A8017EBB24E00697056 /* Sources */ = {
			isa = PBXSourcesBuildPhase;
			buildActionMask = 2147483647;
			files = (
				7828A09E1A1F870D0079492B /* AppDelegate.cpp in Sources */,
				7828A0AF1A1F87BA0079492B /* main.cpp in Sources */,
			);
			runOnlyForDeploymentPostprocessing = 0;
		};
		A92275391517C094001B78AA /* Sources */ = {
			isa = PBXSourcesBuildPhase;
			buildActionMask = 2147483647;
			files = (
				7847CDFD1AB184820014E3F3 /* Vibrator.mm in Sources */,
				78DEEE031B1D035B0093CB64 /* Interstitiel.m in Sources */,
				7847CDF91AB184820014E3F3 /* RootViewController.mm in Sources */,
				7822CCFD1AB6D54600FBE746 /* Chartboosts.mm in Sources */,
				78DEEDFE1B1D035B0093CB64 /* AdWebViewController.m in Sources */,
				7823FBC61ABDC0F900447F0A /* Batchcom.mm in Sources */,
				7847CDF71AB184820014E3F3 /* main.m in Sources */,
				7828A09D1A1F870D0079492B /* AppDelegate.cpp in Sources */,
				7847CDF81AB184820014E3F3 /* Media.mm in Sources */,
				7847CDF61AB184820014E3F3 /* AppController.mm in Sources */,
				78DEEE041B1D035B0093CB64 /* Reachability.m in Sources */,
				7878F97B1ADDB01500A0F1D6 /* Internal.mm in Sources */,
				78809FAE1B11D3B4002397E7 /* HZAdMobBannerSupport.m in Sources */,
				7847CDFC1AB184820014E3F3 /* Screenshot.mm in Sources */,
				7847CDF51AB184820014E3F3 /* Analytics.mm in Sources */,
				7847CDF41AB184820014E3F3 /* Admob.mm in Sources */,
				78809FA71B11D36B002397E7 /* Heyzap.mm in Sources */,
				7847CDFA1AB184820014E3F3 /* Services.mm in Sources */,
				7847CDFB1AB184820014E3F3 /* Social.mm in Sources */,
				78DEEE221B1D06AA0093CB64 /* Ketchapp.mm in Sources */,
			);
			runOnlyForDeploymentPostprocessing = 0;
		};
/* End PBXSourcesBuildPhase section */

/* Begin PBXTargetDependency section */
		78CA6DCC1B56789100F2525F /* PBXTargetDependency */ = {
			isa = PBXTargetDependency;
			name = "libcocos2d iOS";
			targetProxy = 78CA6DCB1B56789100F2525F /* PBXContainerItemProxy */;
		};
		78CA6DE31B5678FF00F2525F /* PBXTargetDependency */ = {
			isa = PBXTargetDependency;
			name = "libjscocos2d iOS";
			targetProxy = 78CA6DE21B5678FF00F2525F /* PBXContainerItemProxy */;
		};
		78CA6DE51B56790400F2525F /* PBXTargetDependency */ = {
			isa = PBXTargetDependency;
			name = "libcocos2d Mac";
			targetProxy = 78CA6DE41B56790400F2525F /* PBXContainerItemProxy */;
		};
		78CA6DE71B56790900F2525F /* PBXTargetDependency */ = {
			isa = PBXTargetDependency;
			name = "libjscocos2d Mac";
			targetProxy = 78CA6DE61B56790900F2525F /* PBXContainerItemProxy */;
		};
/* End PBXTargetDependency section */

/* Begin XCBuildConfiguration section */
		509D4AA817EBB24E00697056 /* Debug */ = {
			isa = XCBuildConfiguration;
			buildSettings = {
				ALWAYS_SEARCH_USER_PATHS = YES;
				COMBINE_HIDPI_IMAGES = YES;
				DEAD_CODE_STRIPPING = YES;
				GCC_DYNAMIC_NO_PIC = NO;
				GCC_PRECOMPILE_PREFIX_HEADER = YES;
				GCC_PREFIX_HEADER = "../../../cocos2d-apple-library/Platforms/mac/prefix.pch";
				GCC_PREPROCESSOR_DEFINITIONS = (
					CC_TARGET_OS_MAC,
					"$(inherited)",
				);
				GCC_SYMBOLS_PRIVATE_EXTERN = YES;
				HEADER_SEARCH_PATHS = "";
				INFOPLIST_FILE = "$(SRCROOT)/Platforms/mac/Info.plist";
				LIBRARY_SEARCH_PATHS = "";
				MACOSX_DEPLOYMENT_TARGET = 10.10;
				ONLY_ACTIVE_ARCH = YES;
				OTHER_CFLAGS = "-O0";
				OTHER_LDFLAGS = "";
				PRODUCT_NAME = application;
				SDKROOT = macosx;
				USER_HEADER_SEARCH_PATHS = "$(inherited) $(SRCROOT)/../../../cocos2d $(SRCROOT)/../../../cocos2d/cocos $(SRCROOT)/../../../cocos2d/cocos/base $(SRCROOT)/../../../cocos2d/cocos/audio $(SRCROOT)/../../../cocos2d/cocos/audio/include $(SRCROOT)/../../../cocos2d/cocos/editor-support $(SRCROOT)/../../../cocos2d/extensions $(SRCROOT)/../../../cocos2d/cocos/scripting/js-bindings $(SRCROOT)/../../../cocos2d/cocos/scripting/js-bindings/auto $(SRCROOT)/../../../cocos2d/cocos/scripting/js-bindings/manual $(SRCROOT)/../../../cocos2d/external/spidermonkey/include/mac $(SRCROOT)/../../../cocos2d/external/glfw3/include/mac";
			};
			name = Debug;
		};
		509D4AA917EBB24E00697056 /* Release */ = {
			isa = XCBuildConfiguration;
			buildSettings = {
				ALWAYS_SEARCH_USER_PATHS = YES;
				COMBINE_HIDPI_IMAGES = YES;
				DEAD_CODE_STRIPPING = YES;
				GCC_GENERATE_DEBUGGING_SYMBOLS = NO;
				GCC_PRECOMPILE_PREFIX_HEADER = YES;
				GCC_PREFIX_HEADER = "../../../cocos2d-apple-library/Platforms/mac/prefix.pch";
				GCC_PREPROCESSOR_DEFINITIONS = (
					CC_TARGET_OS_MAC,
					"$(inherited)",
				);
				GCC_SYMBOLS_PRIVATE_EXTERN = YES;
				HEADER_SEARCH_PATHS = "";
				INFOPLIST_FILE = "$(SRCROOT)/Platforms/mac/Info.plist";
				LIBRARY_SEARCH_PATHS = "";
				MACOSX_DEPLOYMENT_TARGET = 10.10;
				OTHER_CFLAGS = "-O0";
				OTHER_LDFLAGS = "";
				PRODUCT_NAME = application;
				SDKROOT = macosx;
				USER_HEADER_SEARCH_PATHS = "$(inherited) $(SRCROOT)/../../../cocos2d $(SRCROOT)/../../../cocos2d/cocos $(SRCROOT)/../../../cocos2d/cocos/base $(SRCROOT)/../../../cocos2d/cocos/audio $(SRCROOT)/../../../cocos2d/cocos/audio/include $(SRCROOT)/../../../cocos2d/cocos/editor-support $(SRCROOT)/../../../cocos2d/extensions $(SRCROOT)/../../../cocos2d/cocos/scripting/js-bindings $(SRCROOT)/../../../cocos2d/cocos/scripting/js-bindings/auto $(SRCROOT)/../../../cocos2d/cocos/scripting/js-bindings/manual $(SRCROOT)/../../../cocos2d/external/spidermonkey/include/mac $(SRCROOT)/../../../cocos2d/external/glfw3/include/mac";
			};
			name = Release;
		};
		A92276FE1517C097001B78AA /* Debug */ = {
			isa = XCBuildConfiguration;
			buildSettings = {
				CLANG_CXX_LANGUAGE_STANDARD = "c++0x";
				CLANG_CXX_LIBRARY = "libc++";
				CLANG_ENABLE_MODULES = YES;
				COPY_PHASE_STRIP = NO;
				GCC_C_LANGUAGE_STANDARD = c99;
				GCC_OPTIMIZATION_LEVEL = 0;
				GCC_PREPROCESSOR_DEFINITIONS = (
					"COCOS2D_DEBUG=1",
					USE_FILE32API,
					COCOS2D_JAVASCRIPT,
					CC_ENABLE_CHIPMUNK_INTEGRATION,
				);
				GCC_SYMBOLS_PRIVATE_EXTERN = NO;
				GCC_WARN_ABOUT_RETURN_TYPE = YES;
				GCC_WARN_UNUSED_VARIABLE = YES;
				HEADER_SEARCH_PATHS = "";
				IPHONEOS_DEPLOYMENT_TARGET = 5.1;
				ONLY_ACTIVE_ARCH = YES;
				PRODUCT_NAME = "$(TARGET_NAME)";
				USER_HEADER_SEARCH_PATHS = "$(SRCROOT)/../../../cocos2d/frameworks/js-bindings/cocos2d-x $(SRCROOT)/../../../cocos2d/frameworks/js-bindings/cocos2d-x/cocos $(SRCROOT)/../../../cocos2d/frameworks/js-bindings/cocos2d-x/cocos/base $(SRCROOT)/../../../cocos2d/frameworks/js-bindings/cocos2d-x/cocos/physics $(SRCROOT)/../../../cocos2d/frameworks/js-bindings/cocos2d-x/cocos/math/kazmath $(SRCROOT)/../../../cocos2d/frameworks/js-bindings/cocos2d-x/cocos/2d $(SRCROOT)/../../../cocos2d/frameworks/js-bindings/cocos2d-x/cocos/gui $(SRCROOT)/../../../cocos2d/frameworks/js-bindings/cocos2d-x/cocos/network $(SRCROOT)/../../../cocos2d/frameworks/js-bindings/cocos2d-x/cocos/audio/include $(SRCROOT)/../../../cocos2d/frameworks/js-bindings/cocos2d-x/cocos/editor-support $(SRCROOT)/../../../cocos2d/frameworks/js-bindings/cocos2d-x/extensions $(SRCROOT)/../../../cocos2d/frameworks/js-bindings/cocos2d-x/external $(SRCROOT)/../../../cocos2d/frameworks/js-bindings/cocos2d-x/external/chipmunk/include/chipmunk $(SRCROOT)/../../../cocos2d/frameworks/js-bindings/bindings/auto $(SRCROOT)/../../../cocos2d/frameworks/js-bindings/bindings/manual";
			};
			name = Debug;
		};
		A92276FF1517C097001B78AA /* Release */ = {
			isa = XCBuildConfiguration;
			buildSettings = {
				CLANG_CXX_LANGUAGE_STANDARD = "c++0x";
				CLANG_CXX_LIBRARY = "libc++";
				CLANG_ENABLE_MODULES = YES;
				GCC_C_LANGUAGE_STANDARD = c99;
				GCC_PREPROCESSOR_DEFINITIONS = (
					NDEBUG,
					USE_FILE32API,
					COCOS2D_JAVASCRIPT,
					CC_ENABLE_CHIPMUNK_INTEGRATION,
				);
				GCC_WARN_ABOUT_RETURN_TYPE = YES;
				GCC_WARN_UNUSED_VARIABLE = YES;
				HEADER_SEARCH_PATHS = "";
				IPHONEOS_DEPLOYMENT_TARGET = 5.1;
				OTHER_CFLAGS = "-DNS_BLOCK_ASSERTIONS=1";
				PRODUCT_NAME = "$(TARGET_NAME)";
				USER_HEADER_SEARCH_PATHS = "$(SRCROOT)/../../../cocos2d/frameworks/js-bindings/cocos2d-x $(SRCROOT)/../../../cocos2d/frameworks/js-bindings/cocos2d-x/cocos $(SRCROOT)/../../../cocos2d/frameworks/js-bindings/cocos2d-x/cocos/base $(SRCROOT)/../../../cocos2d/frameworks/js-bindings/cocos2d-x/cocos/physics $(SRCROOT)/../../../cocos2d/frameworks/js-bindings/cocos2d-x/cocos/math/kazmath $(SRCROOT)/../../../cocos2d/frameworks/js-bindings/cocos2d-x/cocos/2d $(SRCROOT)/../../../cocos2d/frameworks/js-bindings/cocos2d-x/cocos/gui $(SRCROOT)/../../../cocos2d/frameworks/js-bindings/cocos2d-x/cocos/network $(SRCROOT)/../../../cocos2d/frameworks/js-bindings/cocos2d-x/cocos/audio/include $(SRCROOT)/../../../cocos2d/frameworks/js-bindings/cocos2d-x/cocos/editor-support $(SRCROOT)/../../../cocos2d/frameworks/js-bindings/cocos2d-x/extensions $(SRCROOT)/../../../cocos2d/frameworks/js-bindings/cocos2d-x/external $(SRCROOT)/../../../cocos2d/frameworks/js-bindings/cocos2d-x/external/chipmunk/include/chipmunk $(SRCROOT)/../../../cocos2d/frameworks/js-bindings/bindings/auto $(SRCROOT)/../../../cocos2d/frameworks/js-bindings/bindings/manual";
				VALIDATE_PRODUCT = YES;
			};
			name = Release;
		};
		A92277011517C097001B78AA /* Debug */ = {
			isa = XCBuildConfiguration;
			buildSettings = {
				ALWAYS_SEARCH_USER_PATHS = YES;
				ASSETCATALOG_COMPILER_APPICON_NAME = AppIcon;
				ASSETCATALOG_COMPILER_LAUNCHIMAGE_NAME = LaunchImage;
				CLANG_ENABLE_MODULES = YES;
				CODE_SIGN_IDENTITY = "iPhone Developer";
				"CODE_SIGN_IDENTITY[sdk=iphoneos*]" = "iPhone Developer";
				COMPRESS_PNG_FILES = NO;
				FRAMEWORK_SEARCH_PATHS = (
					"$(inherited)",
					"$(SRCROOT)/../../../cocos2d/frameworks/js-bindings/cocos2d-x/plugin/plugins/facebook/proj.ios/sdk",
					"/Users/igor/Development/cocos2d/frameworks/js-bindings/cocos2d-x/plugin/plugins/facebook/proj.ios/sdk",
					"/Users/igor/Development/cocos2d-apple-library/Sources/Libraries/GoogleAdmob",
					"/Users/igor/Development/cocos2d-apple-library/Sources/Libraries/ChartBoost",
					"/Users/igor/Development/cocos2d-apple-library/Sources/Libraries/Batch",
					"/Users/igor/Development/cocos2d/frameworks/js-bindings/cocos2d-x/plugin/plugins/facebook/proj.ios",
					"/Users/igor/Development/cocos2d-apple-library/Sources/Libraries/Heyzap",
					"/Users/igor/Development/cocos2d-apple-library/Sources/Libraries/AdColony",
					"/Users/igor/Development/cocos2d-apple-library/Sources/Libraries/FacebookAudienceNetwork",
					"/Users/igor/Development/cocos2d-apple-library/Sources/Libraries/UnityAds",
					"/Users/igor/Development/cocos2d-apple-library/Sources/Libraries/Vungle/VungleSDK.embeddedframework",
				);
				GCC_DYNAMIC_NO_PIC = NO;
				GCC_GENERATE_DEBUGGING_SYMBOLS = YES;
				GCC_PRECOMPILE_PREFIX_HEADER = YES;
				GCC_PREFIX_HEADER = "../../../cocos2d-apple-library/Platforms/ios/prefix.pch";
				GCC_PREPROCESSOR_DEFINITIONS = (
					CC_TARGET_OS_IPHONE,
					"$(inherited)",
				);
				GCC_SYMBOLS_PRIVATE_EXTERN = YES;
				HEADER_SEARCH_PATHS = "";
				INFOPLIST_FILE = "$(SRCROOT)/Platforms/ios/Info.plist";
				IPHONEOS_DEPLOYMENT_TARGET = 5.1.1;
				LIBRARY_SEARCH_PATHS = "/Users/igor/Development/cocos2d-apple-library/Sources/Libraries/GoogleAnalytics";
				OTHER_CFLAGS = "-O0";
				OTHER_LDFLAGS = "-ObjC";
				PRODUCT_NAME = application;
				PROVISIONING_PROFILE = "";
				SDKROOT = iphoneos;
				TARGETED_DEVICE_FAMILY = "1,2";
				USER_HEADER_SEARCH_PATHS = "$(inherited) $(SRCROOT)/../../../cocos2d $(SRCROOT)/../../../cocos2d/cocos $(SRCROOT)/../../../cocos2d/cocos/base $(SRCROOT)/../../../cocos2d/cocos/audio $(SRCROOT)/../../../cocos2d/cocos/audio/include $(SRCROOT)/../../../cocos2d/cocos/editor-support $(SRCROOT)/../../../cocos2d/extensions $(SRCROOT)/../../../cocos2d/cocos/scripting/js-bindings $(SRCROOT)/../../../cocos2d/cocos/scripting/js-bindings/auto $(SRCROOT)/../../../cocos2d/cocos/scripting/js-bindings/manual $(SRCROOT)/../../../cocos2d/external/spidermonkey/include/ios";
				VALID_ARCHS = "arm64 armv7";
			};
			name = Debug;
		};
		A92277021517C097001B78AA /* Release */ = {
			isa = XCBuildConfiguration;
			buildSettings = {
				ALWAYS_SEARCH_USER_PATHS = YES;
				ASSETCATALOG_COMPILER_APPICON_NAME = AppIcon;
				ASSETCATALOG_COMPILER_LAUNCHIMAGE_NAME = LaunchImage;
				CLANG_ENABLE_MODULES = YES;
				CODE_SIGN_IDENTITY = "iPhone Developer";
				"CODE_SIGN_IDENTITY[sdk=iphoneos*]" = "iPhone Developer";
				COMPRESS_PNG_FILES = NO;
				FRAMEWORK_SEARCH_PATHS = (
					"$(inherited)",
					"$(SRCROOT)/../../../cocos2d/frameworks/js-bindings/cocos2d-x/plugin/plugins/facebook/proj.ios/sdk",
					"/Users/igor/Development/cocos2d/frameworks/js-bindings/cocos2d-x/plugin/plugins/facebook/proj.ios/sdk",
					"/Users/igor/Development/cocos2d-apple-library/Sources/Libraries/GoogleAdmob",
					"/Users/igor/Development/cocos2d-apple-library/Sources/Libraries/ChartBoost",
					"/Users/igor/Development/cocos2d-apple-library/Sources/Libraries/Batch",
					"/Users/igor/Development/cocos2d/frameworks/js-bindings/cocos2d-x/plugin/plugins/facebook/proj.ios",
					"/Users/igor/Development/cocos2d-apple-library/Sources/Libraries/Heyzap",
					"/Users/igor/Development/cocos2d-apple-library/Sources/Libraries/AdColony",
					"/Users/igor/Development/cocos2d-apple-library/Sources/Libraries/FacebookAudienceNetwork",
					"/Users/igor/Development/cocos2d-apple-library/Sources/Libraries/UnityAds",
					"/Users/igor/Development/cocos2d-apple-library/Sources/Libraries/Vungle/VungleSDK.embeddedframework",
				);
				GCC_GENERATE_DEBUGGING_SYMBOLS = NO;
				GCC_PRECOMPILE_PREFIX_HEADER = YES;
				GCC_PREFIX_HEADER = "../../../cocos2d-apple-library/Platforms/ios/prefix.pch";
				GCC_PREPROCESSOR_DEFINITIONS = (
					CC_TARGET_OS_IPHONE,
					"$(inherited)",
				);
				GCC_SYMBOLS_PRIVATE_EXTERN = YES;
				HEADER_SEARCH_PATHS = "";
				INFOPLIST_FILE = "$(SRCROOT)/Platforms/ios/Info.plist";
				IPHONEOS_DEPLOYMENT_TARGET = 5.1.1;
				LIBRARY_SEARCH_PATHS = "/Users/igor/Development/cocos2d-apple-library/Sources/Libraries/GoogleAnalytics";
				OTHER_CFLAGS = "-O0";
				OTHER_LDFLAGS = "-ObjC";
				PRODUCT_NAME = application;
				PROVISIONING_PROFILE = "";
				SDKROOT = iphoneos;
				TARGETED_DEVICE_FAMILY = "1,2";
				USER_HEADER_SEARCH_PATHS = "$(inherited) $(SRCROOT)/../../../cocos2d $(SRCROOT)/../../../cocos2d/cocos $(SRCROOT)/../../../cocos2d/cocos/base $(SRCROOT)/../../../cocos2d/cocos/audio $(SRCROOT)/../../../cocos2d/cocos/audio/include $(SRCROOT)/../../../cocos2d/cocos/editor-support $(SRCROOT)/../../../cocos2d/extensions $(SRCROOT)/../../../cocos2d/cocos/scripting/js-bindings $(SRCROOT)/../../../cocos2d/cocos/scripting/js-bindings/auto $(SRCROOT)/../../../cocos2d/cocos/scripting/js-bindings/manual $(SRCROOT)/../../../cocos2d/external/spidermonkey/include/ios";
				VALID_ARCHS = "arm64 armv7";
			};
			name = Release;
		};
/* End XCBuildConfiguration section */

/* Begin XCConfigurationList section */
		509D4AA717EBB24E00697056 /* Build configuration list for PBXNativeTarget "osx" */ = {
			isa = XCConfigurationList;
			buildConfigurations = (
				509D4AA817EBB24E00697056 /* Debug */,
				509D4AA917EBB24E00697056 /* Release */,
			);
			defaultConfigurationIsVisible = 0;
			defaultConfigurationName = Release;
		};
		A92275371517C094001B78AA /* Build configuration list for PBXProject "cocos2d-exodus" */ = {
			isa = XCConfigurationList;
			buildConfigurations = (
				A92276FE1517C097001B78AA /* Debug */,
				A92276FF1517C097001B78AA /* Release */,
			);
			defaultConfigurationIsVisible = 0;
			defaultConfigurationName = Release;
		};
		A92277001517C097001B78AA /* Build configuration list for PBXNativeTarget "ios" */ = {
			isa = XCConfigurationList;
			buildConfigurations = (
				A92277011517C097001B78AA /* Debug */,
				A92277021517C097001B78AA /* Release */,
			);
			defaultConfigurationIsVisible = 0;
			defaultConfigurationName = Release;
		};
/* End XCConfigurationList section */
	};
	rootObject = A92275341517C094001B78AA /* Project object */;
}
